
Microsoft Visual Studio Solution File, Format Version 12.00
# Visual Studio 14
VisualStudioVersion = 14.0.25420.1
MinimumVisualStudioVersion = 10.0.40219.1
Project("{2150E333-8FDC-42A3-9474-1A3956D46DE8}") = "Model", "Model", "{8C8F1D36-1877-4C86-AA75-73543A3EB81D}"
EndProject
Project("{2150E333-8FDC-42A3-9474-1A3956D46DE8}") = "Bundle", "Bundle", "{4375CDEA-5879-40F2-B600-70DE49B0AF2B}"
EndProject
Project("{2150E333-8FDC-42A3-9474-1A3956D46DE8}") = "Abstraction", "Abstraction", "{6CFBC041-5711-4E58-8414-AD58BF1E32D8}"
EndProject
Project("{2150E333-8FDC-42A3-9474-1A3956D46DE8}") = "Implementation", "Implementation", "{5D8EAE74-A7C8-47FC-9B57-DF2980E923F0}"
EndProject
Project("{8BC9CEB8-8B4A-11D0-8D11-00A0C91BC942}") = "Helper", "Helper\Helper.vcxproj", "{5046141E-B1C6-492A-9096-92A902D33BD5}"
EndProject
Project("{8BC9CEB8-8B4A-11D0-8D11-00A0C91BC942}") = "CPU", "CPU\CPU.vcxproj", "{9CCE42A2-4DF1-4EB1-9C30-D56A20B0C210}"
	ProjectSection(ProjectDependencies) = postProject
		{F0D7297D-E047-48D8-9B84-5FE5D2B72CBC} = {F0D7297D-E047-48D8-9B84-5FE5D2B72CBC}
		{1EF80396-E10B-44A9-8F76-28B222108AF6} = {1EF80396-E10B-44A9-8F76-28B222108AF6}
	EndProjectSection
EndProject
Project("{8BC9CEB8-8B4A-11D0-8D11-00A0C91BC942}") = "Backend", "Backend\Backend.vcxproj", "{F0D7297D-E047-48D8-9B84-5FE5D2B72CBC}"
EndProject
Project("{8BC9CEB8-8B4A-11D0-8D11-00A0C91BC942}") = "GPU", "GPU\GPU.vcxproj", "{E2E8FA63-5303-4F27-9A48-6D3D28172DCB}"
	ProjectSection(ProjectDependencies) = postProject
		{F0D7297D-E047-48D8-9B84-5FE5D2B72CBC} = {F0D7297D-E047-48D8-9B84-5FE5D2B72CBC}
		{1EF80396-E10B-44A9-8F76-28B222108AF6} = {1EF80396-E10B-44A9-8F76-28B222108AF6}
	EndProjectSection
EndProject
Project("{8BC9CEB8-8B4A-11D0-8D11-00A0C91BC942}") = "Initializer", "Initializer\Initializer.vcxproj", "{A1233AF8-E85E-4219-AC73-0FC982C4AFA8}"
	ProjectSection(ProjectDependencies) = postProject
		{F0D7297D-E047-48D8-9B84-5FE5D2B72CBC} = {F0D7297D-E047-48D8-9B84-5FE5D2B72CBC}
		{1EF80396-E10B-44A9-8F76-28B222108AF6} = {1EF80396-E10B-44A9-8F76-28B222108AF6}
	EndProjectSection
EndProject
Project("{8BC9CEB8-8B4A-11D0-8D11-00A0C91BC942}") = "Loop", "Loop\Loop.vcxproj", "{124894C3-9953-4F7D-B13D-4DEEF781725A}"
	ProjectSection(ProjectDependencies) = postProject
		{F0D7297D-E047-48D8-9B84-5FE5D2B72CBC} = {F0D7297D-E047-48D8-9B84-5FE5D2B72CBC}
		{1EF80396-E10B-44A9-8F76-28B222108AF6} = {1EF80396-E10B-44A9-8F76-28B222108AF6}
	EndProjectSection
EndProject
Project("{8BC9CEB8-8B4A-11D0-8D11-00A0C91BC942}") = "Scheduler", "Scheduler\Scheduler.vcxproj", "{576B0B6B-2D0A-4535-B17C-9527C707A030}"
	ProjectSection(ProjectDependencies) = postProject
		{F0D7297D-E047-48D8-9B84-5FE5D2B72CBC} = {F0D7297D-E047-48D8-9B84-5FE5D2B72CBC}
		{1EF80396-E10B-44A9-8F76-28B222108AF6} = {1EF80396-E10B-44A9-8F76-28B222108AF6}
	EndProjectSection
EndProject
Project("{8BC9CEB8-8B4A-11D0-8D11-00A0C91BC942}") = "Core", "Core\Core.vcxproj", "{1EF80396-E10B-44A9-8F76-28B222108AF6}"
	ProjectSection(ProjectDependencies) = postProject
		{F0D7297D-E047-48D8-9B84-5FE5D2B72CBC} = {F0D7297D-E047-48D8-9B84-5FE5D2B72CBC}
	EndProjectSection
EndProject
Project("{8BC9CEB8-8B4A-11D0-8D11-00A0C91BC942}") = "Engine", "Engine\Engine.vcxproj", "{BCEC94DC-9C88-4BC6-993E-EB546DC45F29}"
	ProjectSection(ProjectDependencies) = postProject
		{6D399A54-3CA9-432D-A521-675DC99C4608} = {6D399A54-3CA9-432D-A521-675DC99C4608}
	EndProjectSection
EndProject
Project("{8BC9CEB8-8B4A-11D0-8D11-00A0C91BC942}") = "Local", "Local\Local.vcxproj", "{E1C5AA3F-075D-4194-83CC-C88F6BAFC2CD}"
	ProjectSection(ProjectDependencies) = postProject
		{BCEC94DC-9C88-4BC6-993E-EB546DC45F29} = {BCEC94DC-9C88-4BC6-993E-EB546DC45F29}
	EndProjectSection
EndProject
Project("{8BC9CEB8-8B4A-11D0-8D11-00A0C91BC942}") = "Model", "Model\Model.vcxproj", "{6D399A54-3CA9-432D-A521-675DC99C4608}"
	ProjectSection(ProjectDependencies) = postProject
		{3A96A63A-7706-48E7-8F2D-BA9F00BCB478} = {3A96A63A-7706-48E7-8F2D-BA9F00BCB478}
		{E2E8FA63-5303-4F27-9A48-6D3D28172DCB} = {E2E8FA63-5303-4F27-9A48-6D3D28172DCB}
		{576B0B6B-2D0A-4535-B17C-9527C707A030} = {576B0B6B-2D0A-4535-B17C-9527C707A030}
		{F0D7297D-E047-48D8-9B84-5FE5D2B72CBC} = {F0D7297D-E047-48D8-9B84-5FE5D2B72CBC}
		{1EF80396-E10B-44A9-8F76-28B222108AF6} = {1EF80396-E10B-44A9-8F76-28B222108AF6}
		{9CCE42A2-4DF1-4EB1-9C30-D56A20B0C210} = {9CCE42A2-4DF1-4EB1-9C30-D56A20B0C210}
		{142B5CC0-A019-41AE-881F-DB247EC67EC4} = {142B5CC0-A019-41AE-881F-DB247EC67EC4}
		{124894C3-9953-4F7D-B13D-4DEEF781725A} = {124894C3-9953-4F7D-B13D-4DEEF781725A}
		{D8428FE4-8C01-4BBF-8A89-73E7FA0A17B7} = {D8428FE4-8C01-4BBF-8A89-73E7FA0A17B7}
		{A1233AF8-E85E-4219-AC73-0FC982C4AFA8} = {A1233AF8-E85E-4219-AC73-0FC982C4AFA8}
	EndProjectSection
EndProject
Project("{8BC9CEB8-8B4A-11D0-8D11-00A0C91BC942}") = "Presenter", "ViewModel\ViewModel.vcxproj", "{225F7CF1-2743-4AEF-BF7F-F77BDB833C4B}"
	ProjectSection(ProjectDependencies) = postProject
		{E1C5AA3F-075D-4194-83CC-C88F6BAFC2CD} = {E1C5AA3F-075D-4194-83CC-C88F6BAFC2CD}
		{6D399A54-3CA9-432D-A521-675DC99C4608} = {6D399A54-3CA9-432D-A521-675DC99C4608}
		{BCEC94DC-9C88-4BC6-993E-EB546DC45F29} = {BCEC94DC-9C88-4BC6-993E-EB546DC45F29}
	EndProjectSection
EndProject
Project("{8BC9CEB8-8B4A-11D0-8D11-00A0C91BC942}") = "Reservoir", "Reservoir\Reservoir.vcxproj", "{D8428FE4-8C01-4BBF-8A89-73E7FA0A17B7}"
	ProjectSection(ProjectDependencies) = postProject
		{F0D7297D-E047-48D8-9B84-5FE5D2B72CBC} = {F0D7297D-E047-48D8-9B84-5FE5D2B72CBC}
		{1EF80396-E10B-44A9-8F76-28B222108AF6} = {1EF80396-E10B-44A9-8F76-28B222108AF6}
	EndProjectSection
EndProject
Project("{8BC9CEB8-8B4A-11D0-8D11-00A0C91BC942}") = "Simulator", "Simulator\Simulator.vcxproj", "{142B5CC0-A019-41AE-881F-DB247EC67EC4}"
	ProjectSection(ProjectDependencies) = postProject
		{1EF80396-E10B-44A9-8F76-28B222108AF6} = {1EF80396-E10B-44A9-8F76-28B222108AF6}
	EndProjectSection
EndProject
Project("{8BC9CEB8-8B4A-11D0-8D11-00A0C91BC942}") = "TRN4CPP", "TRN4CPP\TRN4CPP.vcxproj", "{3E80580A-FB5C-47F2-8B25-67F324E40AA5}"
	ProjectSection(ProjectDependencies) = postProject
		{225F7CF1-2743-4AEF-BF7F-F77BDB833C4B} = {225F7CF1-2743-4AEF-BF7F-F77BDB833C4B}
	EndProjectSection
EndProject
Project("{8BC9CEB8-8B4A-11D0-8D11-00A0C91BC942}") = "TRN4JAVA", "TRN4JAVA\TRN4JAVA.vcxproj", "{EE3598A2-0A17-4A3E-B168-17BE77B1F2C2}"
	ProjectSection(ProjectDependencies) = postProject
		{3E80580A-FB5C-47F2-8B25-67F324E40AA5} = {3E80580A-FB5C-47F2-8B25-67F324E40AA5}
	EndProjectSection
EndProject
Project("{8BC9CEB8-8B4A-11D0-8D11-00A0C91BC942}") = "Remote", "Remote\Remote.vcxproj", "{40B2F358-51FE-45B5-8390-28D500801EB0}"
	ProjectSection(ProjectDependencies) = postProject
		{6D399A54-3CA9-432D-A521-675DC99C4608} = {6D399A54-3CA9-432D-A521-675DC99C4608}
		{BCEC94DC-9C88-4BC6-993E-EB546DC45F29} = {BCEC94DC-9C88-4BC6-993E-EB546DC45F29}
	EndProjectSection
EndProject
Project("{8BC9CEB8-8B4A-11D0-8D11-00A0C91BC942}") = "Network", "Network\Network.vcxproj", "{D8FBD935-E81E-4036-9717-43F0DCF73B41}"
EndProject
Project("{8BC9CEB8-8B4A-11D0-8D11-00A0C91BC942}") = "Distributed", "Distributed\Distributed.vcxproj", "{DEF31292-41BE-47BE-A63B-83EAA4E75658}"
EndProject
Project("{8BC9CEB8-8B4A-11D0-8D11-00A0C91BC942}") = "Worker", "Worker\Worker.vcxproj", "{6BA6DD8A-8968-4F0F-ADF1-D7E41FD44B3F}"
	ProjectSection(ProjectDependencies) = postProject
		{3E80580A-FB5C-47F2-8B25-67F324E40AA5} = {3E80580A-FB5C-47F2-8B25-67F324E40AA5}
		{290C43AE-A97A-4351-8B38-C945BFCF6BE8} = {290C43AE-A97A-4351-8B38-C945BFCF6BE8}
	EndProjectSection
EndProject
Project("{8BC9CEB8-8B4A-11D0-8D11-00A0C91BC942}") = "Measurement", "Measurement\Measurement.vcxproj", "{3A96A63A-7706-48E7-8F2D-BA9F00BCB478}"
EndProject
Project("{8BC9CEB8-8B4A-11D0-8D11-00A0C91BC942}") = "TRN4MATLAB", "TRN4MATLAB\TRN4MATLAB.vcxproj", "{B3CF3DF0-8959-4EAA-8779-C6665C929337}"
EndProject
Project("{8BC9CEB8-8B4A-11D0-8D11-00A0C91BC942}") = "Mutator", "Mutator\Mutator.vcxproj", "{0F0DC79B-BA6F-4ED4-AD38-9390DB56B4A6}"
EndProject
Project("{8BC9CEB8-8B4A-11D0-8D11-00A0C91BC942}") = "Server", "Server\Server.vcxproj", "{6614738B-9ADA-4355-A24B-302ADBB5F252}"
EndProject
Project("{2150E333-8FDC-42A3-9474-1A3956D46DE8}") = "Presenter", "Presenter", "{17F0DF64-17CB-42C6-9061-5EE2AC602081}"
EndProject
Project("{2150E333-8FDC-42A3-9474-1A3956D46DE8}") = "Api", "Api", "{C7F39857-98C9-4A73-B041-249AA92EFDE2}"
EndProject
Project("{8BC9CEB8-8B4A-11D0-8D11-00A0C91BC942}") = "Client", "Client\Client.vcxproj", "{290C43AE-A97A-4351-8B38-C945BFCF6BE8}"
	ProjectSection(ProjectDependencies) = postProject
		{EA91E814-62C8-4C62-9E2E-CA15D29950ED} = {EA91E814-62C8-4C62-9E2E-CA15D29950ED}
		{2C8A0F23-D932-4CAE-9981-416C676BD572} = {2C8A0F23-D932-4CAE-9981-416C676BD572}
		{B12702AD-ABFB-343A-A199-8E24837244A3} = {B12702AD-ABFB-343A-A199-8E24837244A3}
		{791722DB-1E06-463F-9970-F401F1AB5E6C} = {791722DB-1E06-463F-9970-F401F1AB5E6C}
		{21F20CEC-9619-4ACE-A7CA-FE707EC2901D} = {21F20CEC-9619-4ACE-A7CA-FE707EC2901D}
		{494D7CF7-F727-4379-A627-FA1A79214C85} = {494D7CF7-F727-4379-A627-FA1A79214C85}
	EndProjectSection
EndProject
Project("{2150E333-8FDC-42A3-9474-1A3956D46DE8}") = "Plugins", "Plugins", "{C2FFBA82-8939-40B4-B9A1-14570FA1120B}"
EndProject
Project("{8BC9CEB8-8B4A-11D0-8D11-00A0C91BC942}") = "MatFile", "MatFile\MatFile.vcxproj", "{EA91E814-62C8-4C62-9E2E-CA15D29950ED}"
EndProject
Project("{8BC9CEB8-8B4A-11D0-8D11-00A0C91BC942}") = "Rat", "Rat\Rat.vcxproj", "{21F20CEC-9619-4ACE-A7CA-FE707EC2901D}"
EndProject
Project("{8BC9CEB8-8B4A-11D0-8D11-00A0C91BC942}") = "Monitor", "Monitor\Monitor.vcxproj", "{2C8A0F23-D932-4CAE-9981-416C676BD572}"
EndProject
Project("{54435603-DBB4-11D2-8724-00A0C9A8B90C}") = "Setup", "Setup\Setup.vdproj", "{8CB6EE5E-8466-454B-8B8B-60592F2F2E83}"
EndProject
Project("{8BC9CEB8-8B4A-11D0-8D11-00A0C91BC942}") = "Cluster", "Cluster\Cluster.vcxproj", "{5DE35B3A-BF29-4AB6-8B91-E28B0F24739E}"
	ProjectSection(ProjectDependencies) = postProject
		{3E80580A-FB5C-47F2-8B25-67F324E40AA5} = {3E80580A-FB5C-47F2-8B25-67F324E40AA5}
		{EA91E814-62C8-4C62-9E2E-CA15D29950ED} = {EA91E814-62C8-4C62-9E2E-CA15D29950ED}
		{5046141E-B1C6-492A-9096-92A902D33BD5} = {5046141E-B1C6-492A-9096-92A902D33BD5}
		{2C8A0F23-D932-4CAE-9981-416C676BD572} = {2C8A0F23-D932-4CAE-9981-416C676BD572}
		{D8FBD935-E81E-4036-9717-43F0DCF73B41} = {D8FBD935-E81E-4036-9717-43F0DCF73B41}
		{3A96A63A-7706-48E7-8F2D-BA9F00BCB478} = {3A96A63A-7706-48E7-8F2D-BA9F00BCB478}
		{E1C5AA3F-075D-4194-83CC-C88F6BAFC2CD} = {E1C5AA3F-075D-4194-83CC-C88F6BAFC2CD}
		{6D399A54-3CA9-432D-A521-675DC99C4608} = {6D399A54-3CA9-432D-A521-675DC99C4608}
		{40B2F358-51FE-45B5-8390-28D500801EB0} = {40B2F358-51FE-45B5-8390-28D500801EB0}
		{E2E8FA63-5303-4F27-9A48-6D3D28172DCB} = {E2E8FA63-5303-4F27-9A48-6D3D28172DCB}
		{576B0B6B-2D0A-4535-B17C-9527C707A030} = {576B0B6B-2D0A-4535-B17C-9527C707A030}
		{F0D7297D-E047-48D8-9B84-5FE5D2B72CBC} = {F0D7297D-E047-48D8-9B84-5FE5D2B72CBC}
		{6BA6DD8A-8968-4F0F-ADF1-D7E41FD44B3F} = {6BA6DD8A-8968-4F0F-ADF1-D7E41FD44B3F}
		{6614738B-9ADA-4355-A24B-302ADBB5F252} = {6614738B-9ADA-4355-A24B-302ADBB5F252}
		{DEF31292-41BE-47BE-A63B-83EAA4E75658} = {DEF31292-41BE-47BE-A63B-83EAA4E75658}
		{1EF80396-E10B-44A9-8F76-28B222108AF6} = {1EF80396-E10B-44A9-8F76-28B222108AF6}
		{0F0DC79B-BA6F-4ED4-AD38-9390DB56B4A6} = {0F0DC79B-BA6F-4ED4-AD38-9390DB56B4A6}
		{9CCE42A2-4DF1-4EB1-9C30-D56A20B0C210} = {9CCE42A2-4DF1-4EB1-9C30-D56A20B0C210}
		{EE3598A2-0A17-4A3E-B168-17BE77B1F2C2} = {EE3598A2-0A17-4A3E-B168-17BE77B1F2C2}
		{290C43AE-A97A-4351-8B38-C945BFCF6BE8} = {290C43AE-A97A-4351-8B38-C945BFCF6BE8}
		{142B5CC0-A019-41AE-881F-DB247EC67EC4} = {142B5CC0-A019-41AE-881F-DB247EC67EC4}
		{124894C3-9953-4F7D-B13D-4DEEF781725A} = {124894C3-9953-4F7D-B13D-4DEEF781725A}
		{BCEC94DC-9C88-4BC6-993E-EB546DC45F29} = {BCEC94DC-9C88-4BC6-993E-EB546DC45F29}
		{D8428FE4-8C01-4BBF-8A89-73E7FA0A17B7} = {D8428FE4-8C01-4BBF-8A89-73E7FA0A17B7}
		{21F20CEC-9619-4ACE-A7CA-FE707EC2901D} = {21F20CEC-9619-4ACE-A7CA-FE707EC2901D}
		{B3CF3DF0-8959-4EAA-8779-C6665C929337} = {B3CF3DF0-8959-4EAA-8779-C6665C929337}
		{225F7CF1-2743-4AEF-BF7F-F77BDB833C4B} = {225F7CF1-2743-4AEF-BF7F-F77BDB833C4B}
		{A1233AF8-E85E-4219-AC73-0FC982C4AFA8} = {A1233AF8-E85E-4219-AC73-0FC982C4AFA8}
	EndProjectSection
EndProject
Project("{2150E333-8FDC-42A3-9474-1A3956D46DE8}") = "Deploy", "Deploy", "{C6655A08-AE3B-4ABB-BB72-77BBFCE76DAE}"
EndProject
Project("{54435603-DBB4-11D2-8724-00A0C9A8B90C}") = "Plugins", "Plugins\Plugins.vdproj", "{FD24B086-931F-4149-AE08-417154AB7A5A}"
EndProject
Project("{54435603-DBB4-11D2-8724-00A0C9A8B90C}") = "Matlab", "Matlab\Matlab.vdproj", "{F297BE21-60F9-4A40-8DB7-AFB295A40A8D}"
EndProject
Project("{54435603-DBB4-11D2-8724-00A0C9A8B90C}") = "Boost", "Boost\Boost.vdproj", "{845830AA-CECC-4935-BDFD-9E75AB12924E}"
EndProject
Project("{2150E333-8FDC-42A3-9474-1A3956D46DE8}") = "Third party", "Third party", "{1412188B-B1A8-40FA-842C-C8F20F67AB3C}"
EndProject
Project("{2150E333-8FDC-42A3-9474-1A3956D46DE8}") = "Bundle", "Bundle", "{A803379A-D14E-46D8-8F3E-B0098A1EFCF2}"
EndProject
Project("{54435603-DBB4-11D2-8724-00A0C9A8B90C}") = "Cuda", "Cuda\Cuda.vdproj", "{86432020-DC31-425B-9E37-B87FA6726D02}"
EndProject
Project("{54435603-DBB4-11D2-8724-00A0C9A8B90C}") = "Api", "Api\Api.vdproj", "{82E91065-18E3-457F-9C0C-17A22A8DD69C}"
EndProject
Project("{54435603-DBB4-11D2-8724-00A0C9A8B90C}") = "Mkl", "Mkl\Mkl.vdproj", "{C2F48CA5-8A47-4A24-A801-ED27F0A616B1}"
EndProject
Project("{2150E333-8FDC-42A3-9474-1A3956D46DE8}") = "Applications", "Applications", "{74DCF5C7-E5D5-49DC-82AE-CCBD6E788FFD}"
EndProject
Project("{2150E333-8FDC-42A3-9474-1A3956D46DE8}") = "Library", "Library", "{B77AA00A-2770-4286-B720-9016F784B710}"
EndProject
Project("{54435603-DBB4-11D2-8724-00A0C9A8B90C}") = "Mpi", "Mpi\Mpi.vdproj", "{D8F650D9-2632-4ABE-8852-6B23883E93CE}"
EndProject
Project("{54435603-DBB4-11D2-8724-00A0C9A8B90C}") = "Applications", "Applications\Applications.vdproj", "{F1B66ABA-6190-47A4-81F7-18ACA40908EB}"
EndProject
Project("{54435603-DBB4-11D2-8724-00A0C9A8B90C}") = "Library", "Library\Library.vdproj", "{62EDF3D3-4B0D-42FF-B9B7-97D9F5FA1163}"
EndProject
Project("{8BC9CEB8-8B4A-11D0-8D11-00A0C91BC942}") = "Dummy", "Dummy\Dummy.vcxproj", "{9CE63F8D-859B-4112-8395-BDAEA9D19979}"
EndProject
Project("{8BC9CEB8-8B4A-11D0-8D11-00A0C91BC942}") = "Bench", "Bench\Bench.vcxproj", "{3E3831E8-8971-425D-9BDF-1045C7DB6D2E}"
EndProject
Project("{8BC9CEB8-8B4A-11D0-8D11-00A0C91BC942}") = "Grid", "Grid\Grid.vcxproj", "{B12702AD-ABFB-343A-A199-8E24837244A3}"
EndProject
Project("{8BC9CEB8-8B4A-11D0-8D11-00A0C91BC942}") = "SimulatedAnnealing", "SimulatedAnnealing\SimulatedAnnealing.vcxproj", "{791722DB-1E06-463F-9970-F401F1AB5E6C}"
EndProject
Project("{8BC9CEB8-8B4A-11D0-8D11-00A0C91BC942}") = "Display", "Display\Display.vcxproj", "{494D7CF7-F727-4379-A627-FA1A79214C85}"
EndProject
Project("{8BC9CEB8-8B4A-11D0-8D11-00A0C91BC942}") = "Kalman", "Kalman\Kalman.vcxproj", "{28D89F1C-B8D8-4184-AB14-9B5857E8ECA6}"
EndProject
Project("{8BC9CEB8-8B4A-11D0-8D11-00A0C91BC942}") = "Decoder", "Decoder\Decoder.vcxproj", "{05E10F4F-AD35-4A9B-A0E4-39875AC8960D}"
EndProject
Project("{8BC9CEB8-8B4A-11D0-8D11-00A0C91BC942}") = "Encoder", "Encoder\Encoder.vcxproj", "{94D853D9-6DC0-4416-B60D-731731FA81E5}"
EndProject
Global
	GlobalSection(SolutionConfigurationPlatforms) = preSolution
		Debug|x64 = Debug|x64
		Debug|x86 = Debug|x86
		Release|x64 = Release|x64
		Release|x86 = Release|x86
	EndGlobalSection
	GlobalSection(ProjectConfigurationPlatforms) = postSolution
		{5046141E-B1C6-492A-9096-92A902D33BD5}.Debug|x64.ActiveCfg = Debug|x64
		{5046141E-B1C6-492A-9096-92A902D33BD5}.Debug|x64.Build.0 = Debug|x64
		{5046141E-B1C6-492A-9096-92A902D33BD5}.Debug|x86.ActiveCfg = Debug|Win32
		{5046141E-B1C6-492A-9096-92A902D33BD5}.Debug|x86.Build.0 = Debug|Win32
		{5046141E-B1C6-492A-9096-92A902D33BD5}.Release|x64.ActiveCfg = Release|x64
		{5046141E-B1C6-492A-9096-92A902D33BD5}.Release|x64.Build.0 = Release|x64
		{5046141E-B1C6-492A-9096-92A902D33BD5}.Release|x86.ActiveCfg = Release|Win32
		{5046141E-B1C6-492A-9096-92A902D33BD5}.Release|x86.Build.0 = Release|Win32
		{9CCE42A2-4DF1-4EB1-9C30-D56A20B0C210}.Debug|x64.ActiveCfg = Debug|x64
		{9CCE42A2-4DF1-4EB1-9C30-D56A20B0C210}.Debug|x64.Build.0 = Debug|x64
		{9CCE42A2-4DF1-4EB1-9C30-D56A20B0C210}.Debug|x86.ActiveCfg = Debug|Win32
		{9CCE42A2-4DF1-4EB1-9C30-D56A20B0C210}.Debug|x86.Build.0 = Debug|Win32
		{9CCE42A2-4DF1-4EB1-9C30-D56A20B0C210}.Release|x64.ActiveCfg = Release|x64
		{9CCE42A2-4DF1-4EB1-9C30-D56A20B0C210}.Release|x64.Build.0 = Release|x64
		{9CCE42A2-4DF1-4EB1-9C30-D56A20B0C210}.Release|x86.ActiveCfg = Release|Win32
		{9CCE42A2-4DF1-4EB1-9C30-D56A20B0C210}.Release|x86.Build.0 = Release|Win32
		{F0D7297D-E047-48D8-9B84-5FE5D2B72CBC}.Debug|x64.ActiveCfg = Debug|x64
		{F0D7297D-E047-48D8-9B84-5FE5D2B72CBC}.Debug|x64.Build.0 = Debug|x64
		{F0D7297D-E047-48D8-9B84-5FE5D2B72CBC}.Debug|x86.ActiveCfg = Debug|Win32
		{F0D7297D-E047-48D8-9B84-5FE5D2B72CBC}.Debug|x86.Build.0 = Debug|Win32
		{F0D7297D-E047-48D8-9B84-5FE5D2B72CBC}.Release|x64.ActiveCfg = Release|x64
		{F0D7297D-E047-48D8-9B84-5FE5D2B72CBC}.Release|x64.Build.0 = Release|x64
		{F0D7297D-E047-48D8-9B84-5FE5D2B72CBC}.Release|x86.ActiveCfg = Release|Win32
		{F0D7297D-E047-48D8-9B84-5FE5D2B72CBC}.Release|x86.Build.0 = Release|Win32
		{E2E8FA63-5303-4F27-9A48-6D3D28172DCB}.Debug|x64.ActiveCfg = Debug|x64
		{E2E8FA63-5303-4F27-9A48-6D3D28172DCB}.Debug|x64.Build.0 = Debug|x64
		{E2E8FA63-5303-4F27-9A48-6D3D28172DCB}.Debug|x86.ActiveCfg = Debug|Win32
		{E2E8FA63-5303-4F27-9A48-6D3D28172DCB}.Debug|x86.Build.0 = Debug|Win32
		{E2E8FA63-5303-4F27-9A48-6D3D28172DCB}.Release|x64.ActiveCfg = Release|x64
		{E2E8FA63-5303-4F27-9A48-6D3D28172DCB}.Release|x64.Build.0 = Release|x64
		{E2E8FA63-5303-4F27-9A48-6D3D28172DCB}.Release|x86.ActiveCfg = Release|Win32
		{E2E8FA63-5303-4F27-9A48-6D3D28172DCB}.Release|x86.Build.0 = Release|Win32
		{A1233AF8-E85E-4219-AC73-0FC982C4AFA8}.Debug|x64.ActiveCfg = Debug|x64
		{A1233AF8-E85E-4219-AC73-0FC982C4AFA8}.Debug|x64.Build.0 = Debug|x64
		{A1233AF8-E85E-4219-AC73-0FC982C4AFA8}.Debug|x86.ActiveCfg = Debug|Win32
		{A1233AF8-E85E-4219-AC73-0FC982C4AFA8}.Debug|x86.Build.0 = Debug|Win32
		{A1233AF8-E85E-4219-AC73-0FC982C4AFA8}.Release|x64.ActiveCfg = Release|x64
		{A1233AF8-E85E-4219-AC73-0FC982C4AFA8}.Release|x64.Build.0 = Release|x64
		{A1233AF8-E85E-4219-AC73-0FC982C4AFA8}.Release|x86.ActiveCfg = Release|Win32
		{A1233AF8-E85E-4219-AC73-0FC982C4AFA8}.Release|x86.Build.0 = Release|Win32
		{124894C3-9953-4F7D-B13D-4DEEF781725A}.Debug|x64.ActiveCfg = Debug|x64
		{124894C3-9953-4F7D-B13D-4DEEF781725A}.Debug|x64.Build.0 = Debug|x64
		{124894C3-9953-4F7D-B13D-4DEEF781725A}.Debug|x86.ActiveCfg = Debug|Win32
		{124894C3-9953-4F7D-B13D-4DEEF781725A}.Debug|x86.Build.0 = Debug|Win32
		{124894C3-9953-4F7D-B13D-4DEEF781725A}.Release|x64.ActiveCfg = Release|x64
		{124894C3-9953-4F7D-B13D-4DEEF781725A}.Release|x64.Build.0 = Release|x64
		{124894C3-9953-4F7D-B13D-4DEEF781725A}.Release|x86.ActiveCfg = Release|Win32
		{124894C3-9953-4F7D-B13D-4DEEF781725A}.Release|x86.Build.0 = Release|Win32
		{576B0B6B-2D0A-4535-B17C-9527C707A030}.Debug|x64.ActiveCfg = Debug|x64
		{576B0B6B-2D0A-4535-B17C-9527C707A030}.Debug|x64.Build.0 = Debug|x64
		{576B0B6B-2D0A-4535-B17C-9527C707A030}.Debug|x86.ActiveCfg = Debug|Win32
		{576B0B6B-2D0A-4535-B17C-9527C707A030}.Debug|x86.Build.0 = Debug|Win32
		{576B0B6B-2D0A-4535-B17C-9527C707A030}.Release|x64.ActiveCfg = Release|x64
		{576B0B6B-2D0A-4535-B17C-9527C707A030}.Release|x64.Build.0 = Release|x64
		{576B0B6B-2D0A-4535-B17C-9527C707A030}.Release|x86.ActiveCfg = Release|Win32
		{576B0B6B-2D0A-4535-B17C-9527C707A030}.Release|x86.Build.0 = Release|Win32
		{1EF80396-E10B-44A9-8F76-28B222108AF6}.Debug|x64.ActiveCfg = Debug|x64
		{1EF80396-E10B-44A9-8F76-28B222108AF6}.Debug|x64.Build.0 = Debug|x64
		{1EF80396-E10B-44A9-8F76-28B222108AF6}.Debug|x86.ActiveCfg = Debug|Win32
		{1EF80396-E10B-44A9-8F76-28B222108AF6}.Debug|x86.Build.0 = Debug|Win32
		{1EF80396-E10B-44A9-8F76-28B222108AF6}.Release|x64.ActiveCfg = Release|x64
		{1EF80396-E10B-44A9-8F76-28B222108AF6}.Release|x64.Build.0 = Release|x64
		{1EF80396-E10B-44A9-8F76-28B222108AF6}.Release|x86.ActiveCfg = Release|Win32
		{1EF80396-E10B-44A9-8F76-28B222108AF6}.Release|x86.Build.0 = Release|Win32
		{BCEC94DC-9C88-4BC6-993E-EB546DC45F29}.Debug|x64.ActiveCfg = Debug|x64
		{BCEC94DC-9C88-4BC6-993E-EB546DC45F29}.Debug|x64.Build.0 = Debug|x64
		{BCEC94DC-9C88-4BC6-993E-EB546DC45F29}.Debug|x86.ActiveCfg = Debug|Win32
		{BCEC94DC-9C88-4BC6-993E-EB546DC45F29}.Debug|x86.Build.0 = Debug|Win32
		{BCEC94DC-9C88-4BC6-993E-EB546DC45F29}.Release|x64.ActiveCfg = Release|x64
		{BCEC94DC-9C88-4BC6-993E-EB546DC45F29}.Release|x64.Build.0 = Release|x64
		{BCEC94DC-9C88-4BC6-993E-EB546DC45F29}.Release|x86.ActiveCfg = Release|Win32
		{BCEC94DC-9C88-4BC6-993E-EB546DC45F29}.Release|x86.Build.0 = Release|Win32
		{E1C5AA3F-075D-4194-83CC-C88F6BAFC2CD}.Debug|x64.ActiveCfg = Debug|x64
		{E1C5AA3F-075D-4194-83CC-C88F6BAFC2CD}.Debug|x64.Build.0 = Debug|x64
		{E1C5AA3F-075D-4194-83CC-C88F6BAFC2CD}.Debug|x86.ActiveCfg = Debug|Win32
		{E1C5AA3F-075D-4194-83CC-C88F6BAFC2CD}.Debug|x86.Build.0 = Debug|Win32
		{E1C5AA3F-075D-4194-83CC-C88F6BAFC2CD}.Release|x64.ActiveCfg = Release|x64
		{E1C5AA3F-075D-4194-83CC-C88F6BAFC2CD}.Release|x64.Build.0 = Release|x64
		{E1C5AA3F-075D-4194-83CC-C88F6BAFC2CD}.Release|x86.ActiveCfg = Release|Win32
		{E1C5AA3F-075D-4194-83CC-C88F6BAFC2CD}.Release|x86.Build.0 = Release|Win32
		{6D399A54-3CA9-432D-A521-675DC99C4608}.Debug|x64.ActiveCfg = Debug|x64
		{6D399A54-3CA9-432D-A521-675DC99C4608}.Debug|x64.Build.0 = Debug|x64
		{6D399A54-3CA9-432D-A521-675DC99C4608}.Debug|x86.ActiveCfg = Debug|Win32
		{6D399A54-3CA9-432D-A521-675DC99C4608}.Debug|x86.Build.0 = Debug|Win32
		{6D399A54-3CA9-432D-A521-675DC99C4608}.Release|x64.ActiveCfg = Release|x64
		{6D399A54-3CA9-432D-A521-675DC99C4608}.Release|x64.Build.0 = Release|x64
		{6D399A54-3CA9-432D-A521-675DC99C4608}.Release|x86.ActiveCfg = Release|Win32
		{6D399A54-3CA9-432D-A521-675DC99C4608}.Release|x86.Build.0 = Release|Win32
		{225F7CF1-2743-4AEF-BF7F-F77BDB833C4B}.Debug|x64.ActiveCfg = Debug|x64
		{225F7CF1-2743-4AEF-BF7F-F77BDB833C4B}.Debug|x64.Build.0 = Debug|x64
		{225F7CF1-2743-4AEF-BF7F-F77BDB833C4B}.Debug|x86.ActiveCfg = Debug|Win32
		{225F7CF1-2743-4AEF-BF7F-F77BDB833C4B}.Debug|x86.Build.0 = Debug|Win32
		{225F7CF1-2743-4AEF-BF7F-F77BDB833C4B}.Release|x64.ActiveCfg = Release|x64
		{225F7CF1-2743-4AEF-BF7F-F77BDB833C4B}.Release|x64.Build.0 = Release|x64
		{225F7CF1-2743-4AEF-BF7F-F77BDB833C4B}.Release|x86.ActiveCfg = Release|Win32
		{225F7CF1-2743-4AEF-BF7F-F77BDB833C4B}.Release|x86.Build.0 = Release|Win32
		{D8428FE4-8C01-4BBF-8A89-73E7FA0A17B7}.Debug|x64.ActiveCfg = Debug|x64
		{D8428FE4-8C01-4BBF-8A89-73E7FA0A17B7}.Debug|x64.Build.0 = Debug|x64
		{D8428FE4-8C01-4BBF-8A89-73E7FA0A17B7}.Debug|x86.ActiveCfg = Debug|Win32
		{D8428FE4-8C01-4BBF-8A89-73E7FA0A17B7}.Debug|x86.Build.0 = Debug|Win32
		{D8428FE4-8C01-4BBF-8A89-73E7FA0A17B7}.Release|x64.ActiveCfg = Release|x64
		{D8428FE4-8C01-4BBF-8A89-73E7FA0A17B7}.Release|x64.Build.0 = Release|x64
		{D8428FE4-8C01-4BBF-8A89-73E7FA0A17B7}.Release|x86.ActiveCfg = Release|Win32
		{D8428FE4-8C01-4BBF-8A89-73E7FA0A17B7}.Release|x86.Build.0 = Release|Win32
		{142B5CC0-A019-41AE-881F-DB247EC67EC4}.Debug|x64.ActiveCfg = Debug|x64
		{142B5CC0-A019-41AE-881F-DB247EC67EC4}.Debug|x64.Build.0 = Debug|x64
		{142B5CC0-A019-41AE-881F-DB247EC67EC4}.Debug|x86.ActiveCfg = Debug|Win32
		{142B5CC0-A019-41AE-881F-DB247EC67EC4}.Debug|x86.Build.0 = Debug|Win32
		{142B5CC0-A019-41AE-881F-DB247EC67EC4}.Release|x64.ActiveCfg = Release|x64
		{142B5CC0-A019-41AE-881F-DB247EC67EC4}.Release|x64.Build.0 = Release|x64
		{142B5CC0-A019-41AE-881F-DB247EC67EC4}.Release|x86.ActiveCfg = Release|Win32
		{142B5CC0-A019-41AE-881F-DB247EC67EC4}.Release|x86.Build.0 = Release|Win32
		{3E80580A-FB5C-47F2-8B25-67F324E40AA5}.Debug|x64.ActiveCfg = Debug|x64
		{3E80580A-FB5C-47F2-8B25-67F324E40AA5}.Debug|x64.Build.0 = Debug|x64
		{3E80580A-FB5C-47F2-8B25-67F324E40AA5}.Debug|x86.ActiveCfg = Debug|Win32
		{3E80580A-FB5C-47F2-8B25-67F324E40AA5}.Debug|x86.Build.0 = Debug|Win32
		{3E80580A-FB5C-47F2-8B25-67F324E40AA5}.Release|x64.ActiveCfg = Release|x64
		{3E80580A-FB5C-47F2-8B25-67F324E40AA5}.Release|x64.Build.0 = Release|x64
		{3E80580A-FB5C-47F2-8B25-67F324E40AA5}.Release|x86.ActiveCfg = Release|Win32
		{3E80580A-FB5C-47F2-8B25-67F324E40AA5}.Release|x86.Build.0 = Release|Win32
		{EE3598A2-0A17-4A3E-B168-17BE77B1F2C2}.Debug|x64.ActiveCfg = Debug|x64
		{EE3598A2-0A17-4A3E-B168-17BE77B1F2C2}.Debug|x64.Build.0 = Debug|x64
		{EE3598A2-0A17-4A3E-B168-17BE77B1F2C2}.Debug|x86.ActiveCfg = Debug|Win32
		{EE3598A2-0A17-4A3E-B168-17BE77B1F2C2}.Debug|x86.Build.0 = Debug|Win32
		{EE3598A2-0A17-4A3E-B168-17BE77B1F2C2}.Release|x64.ActiveCfg = Release|x64
		{EE3598A2-0A17-4A3E-B168-17BE77B1F2C2}.Release|x64.Build.0 = Release|x64
		{EE3598A2-0A17-4A3E-B168-17BE77B1F2C2}.Release|x86.ActiveCfg = Release|Win32
		{EE3598A2-0A17-4A3E-B168-17BE77B1F2C2}.Release|x86.Build.0 = Release|Win32
		{40B2F358-51FE-45B5-8390-28D500801EB0}.Debug|x64.ActiveCfg = Debug|x64
		{40B2F358-51FE-45B5-8390-28D500801EB0}.Debug|x64.Build.0 = Debug|x64
		{40B2F358-51FE-45B5-8390-28D500801EB0}.Debug|x86.ActiveCfg = Debug|Win32
		{40B2F358-51FE-45B5-8390-28D500801EB0}.Debug|x86.Build.0 = Debug|Win32
		{40B2F358-51FE-45B5-8390-28D500801EB0}.Release|x64.ActiveCfg = Release|x64
		{40B2F358-51FE-45B5-8390-28D500801EB0}.Release|x64.Build.0 = Release|x64
		{40B2F358-51FE-45B5-8390-28D500801EB0}.Release|x86.ActiveCfg = Release|Win32
		{40B2F358-51FE-45B5-8390-28D500801EB0}.Release|x86.Build.0 = Release|Win32
		{D8FBD935-E81E-4036-9717-43F0DCF73B41}.Debug|x64.ActiveCfg = Debug|x64
		{D8FBD935-E81E-4036-9717-43F0DCF73B41}.Debug|x64.Build.0 = Debug|x64
		{D8FBD935-E81E-4036-9717-43F0DCF73B41}.Debug|x86.ActiveCfg = Debug|Win32
		{D8FBD935-E81E-4036-9717-43F0DCF73B41}.Debug|x86.Build.0 = Debug|Win32
		{D8FBD935-E81E-4036-9717-43F0DCF73B41}.Release|x64.ActiveCfg = Release|x64
		{D8FBD935-E81E-4036-9717-43F0DCF73B41}.Release|x64.Build.0 = Release|x64
		{D8FBD935-E81E-4036-9717-43F0DCF73B41}.Release|x86.ActiveCfg = Release|Win32
		{D8FBD935-E81E-4036-9717-43F0DCF73B41}.Release|x86.Build.0 = Release|Win32
		{DEF31292-41BE-47BE-A63B-83EAA4E75658}.Debug|x64.ActiveCfg = Debug|x64
		{DEF31292-41BE-47BE-A63B-83EAA4E75658}.Debug|x64.Build.0 = Debug|x64
		{DEF31292-41BE-47BE-A63B-83EAA4E75658}.Debug|x86.ActiveCfg = Debug|Win32
		{DEF31292-41BE-47BE-A63B-83EAA4E75658}.Debug|x86.Build.0 = Debug|Win32
		{DEF31292-41BE-47BE-A63B-83EAA4E75658}.Release|x64.ActiveCfg = Release|x64
		{DEF31292-41BE-47BE-A63B-83EAA4E75658}.Release|x64.Build.0 = Release|x64
		{DEF31292-41BE-47BE-A63B-83EAA4E75658}.Release|x86.ActiveCfg = Release|Win32
		{DEF31292-41BE-47BE-A63B-83EAA4E75658}.Release|x86.Build.0 = Release|Win32
		{6BA6DD8A-8968-4F0F-ADF1-D7E41FD44B3F}.Debug|x64.ActiveCfg = Debug|x64
		{6BA6DD8A-8968-4F0F-ADF1-D7E41FD44B3F}.Debug|x64.Build.0 = Debug|x64
		{6BA6DD8A-8968-4F0F-ADF1-D7E41FD44B3F}.Debug|x86.ActiveCfg = Debug|Win32
		{6BA6DD8A-8968-4F0F-ADF1-D7E41FD44B3F}.Debug|x86.Build.0 = Debug|Win32
		{6BA6DD8A-8968-4F0F-ADF1-D7E41FD44B3F}.Release|x64.ActiveCfg = Release|x64
		{6BA6DD8A-8968-4F0F-ADF1-D7E41FD44B3F}.Release|x64.Build.0 = Release|x64
		{6BA6DD8A-8968-4F0F-ADF1-D7E41FD44B3F}.Release|x86.ActiveCfg = Release|Win32
		{6BA6DD8A-8968-4F0F-ADF1-D7E41FD44B3F}.Release|x86.Build.0 = Release|Win32
		{3A96A63A-7706-48E7-8F2D-BA9F00BCB478}.Debug|x64.ActiveCfg = Debug|x64
		{3A96A63A-7706-48E7-8F2D-BA9F00BCB478}.Debug|x64.Build.0 = Debug|x64
		{3A96A63A-7706-48E7-8F2D-BA9F00BCB478}.Debug|x86.ActiveCfg = Debug|Win32
		{3A96A63A-7706-48E7-8F2D-BA9F00BCB478}.Debug|x86.Build.0 = Debug|Win32
		{3A96A63A-7706-48E7-8F2D-BA9F00BCB478}.Release|x64.ActiveCfg = Release|x64
		{3A96A63A-7706-48E7-8F2D-BA9F00BCB478}.Release|x64.Build.0 = Release|x64
		{3A96A63A-7706-48E7-8F2D-BA9F00BCB478}.Release|x86.ActiveCfg = Release|Win32
		{3A96A63A-7706-48E7-8F2D-BA9F00BCB478}.Release|x86.Build.0 = Release|Win32
		{B3CF3DF0-8959-4EAA-8779-C6665C929337}.Debug|x64.ActiveCfg = Debug|x64
		{B3CF3DF0-8959-4EAA-8779-C6665C929337}.Debug|x86.ActiveCfg = Debug|Win32
		{B3CF3DF0-8959-4EAA-8779-C6665C929337}.Debug|x86.Build.0 = Debug|Win32
		{B3CF3DF0-8959-4EAA-8779-C6665C929337}.Release|x64.ActiveCfg = Release|x64
		{B3CF3DF0-8959-4EAA-8779-C6665C929337}.Release|x86.ActiveCfg = Release|Win32
		{B3CF3DF0-8959-4EAA-8779-C6665C929337}.Release|x86.Build.0 = Release|Win32
		{0F0DC79B-BA6F-4ED4-AD38-9390DB56B4A6}.Debug|x64.ActiveCfg = Debug|x64
		{0F0DC79B-BA6F-4ED4-AD38-9390DB56B4A6}.Debug|x64.Build.0 = Debug|x64
		{0F0DC79B-BA6F-4ED4-AD38-9390DB56B4A6}.Debug|x86.ActiveCfg = Debug|Win32
		{0F0DC79B-BA6F-4ED4-AD38-9390DB56B4A6}.Debug|x86.Build.0 = Debug|Win32
		{0F0DC79B-BA6F-4ED4-AD38-9390DB56B4A6}.Release|x64.ActiveCfg = Release|x64
		{0F0DC79B-BA6F-4ED4-AD38-9390DB56B4A6}.Release|x64.Build.0 = Release|x64
		{0F0DC79B-BA6F-4ED4-AD38-9390DB56B4A6}.Release|x86.ActiveCfg = Release|Win32
		{0F0DC79B-BA6F-4ED4-AD38-9390DB56B4A6}.Release|x86.Build.0 = Release|Win32
		{6614738B-9ADA-4355-A24B-302ADBB5F252}.Debug|x64.ActiveCfg = Debug|x64
		{6614738B-9ADA-4355-A24B-302ADBB5F252}.Debug|x64.Build.0 = Debug|x64
		{6614738B-9ADA-4355-A24B-302ADBB5F252}.Debug|x86.ActiveCfg = Debug|Win32
		{6614738B-9ADA-4355-A24B-302ADBB5F252}.Debug|x86.Build.0 = Debug|Win32
		{6614738B-9ADA-4355-A24B-302ADBB5F252}.Release|x64.ActiveCfg = Release|x64
		{6614738B-9ADA-4355-A24B-302ADBB5F252}.Release|x64.Build.0 = Release|x64
		{6614738B-9ADA-4355-A24B-302ADBB5F252}.Release|x86.ActiveCfg = Release|Win32
		{6614738B-9ADA-4355-A24B-302ADBB5F252}.Release|x86.Build.0 = Release|Win32
		{290C43AE-A97A-4351-8B38-C945BFCF6BE8}.Debug|x64.ActiveCfg = Debug|x64
		{290C43AE-A97A-4351-8B38-C945BFCF6BE8}.Debug|x64.Build.0 = Debug|x64
		{290C43AE-A97A-4351-8B38-C945BFCF6BE8}.Debug|x86.ActiveCfg = Debug|Win32
		{290C43AE-A97A-4351-8B38-C945BFCF6BE8}.Debug|x86.Build.0 = Debug|Win32
		{290C43AE-A97A-4351-8B38-C945BFCF6BE8}.Release|x64.ActiveCfg = Release|x64
		{290C43AE-A97A-4351-8B38-C945BFCF6BE8}.Release|x64.Build.0 = Release|x64
		{290C43AE-A97A-4351-8B38-C945BFCF6BE8}.Release|x86.ActiveCfg = Release|Win32
		{290C43AE-A97A-4351-8B38-C945BFCF6BE8}.Release|x86.Build.0 = Release|Win32
		{EA91E814-62C8-4C62-9E2E-CA15D29950ED}.Debug|x64.ActiveCfg = Debug|x64
		{EA91E814-62C8-4C62-9E2E-CA15D29950ED}.Debug|x64.Build.0 = Debug|x64
		{EA91E814-62C8-4C62-9E2E-CA15D29950ED}.Debug|x86.ActiveCfg = Debug|Win32
		{EA91E814-62C8-4C62-9E2E-CA15D29950ED}.Debug|x86.Build.0 = Debug|Win32
		{EA91E814-62C8-4C62-9E2E-CA15D29950ED}.Release|x64.ActiveCfg = Release|x64
		{EA91E814-62C8-4C62-9E2E-CA15D29950ED}.Release|x64.Build.0 = Release|x64
		{EA91E814-62C8-4C62-9E2E-CA15D29950ED}.Release|x86.ActiveCfg = Release|Win32
		{EA91E814-62C8-4C62-9E2E-CA15D29950ED}.Release|x86.Build.0 = Release|Win32
		{21F20CEC-9619-4ACE-A7CA-FE707EC2901D}.Debug|x64.ActiveCfg = Debug|x64
		{21F20CEC-9619-4ACE-A7CA-FE707EC2901D}.Debug|x64.Build.0 = Debug|x64
		{21F20CEC-9619-4ACE-A7CA-FE707EC2901D}.Debug|x86.ActiveCfg = Debug|Win32
		{21F20CEC-9619-4ACE-A7CA-FE707EC2901D}.Debug|x86.Build.0 = Debug|Win32
		{21F20CEC-9619-4ACE-A7CA-FE707EC2901D}.Release|x64.ActiveCfg = Release|x64
		{21F20CEC-9619-4ACE-A7CA-FE707EC2901D}.Release|x64.Build.0 = Release|x64
		{21F20CEC-9619-4ACE-A7CA-FE707EC2901D}.Release|x86.ActiveCfg = Release|Win32
		{21F20CEC-9619-4ACE-A7CA-FE707EC2901D}.Release|x86.Build.0 = Release|Win32
		{2C8A0F23-D932-4CAE-9981-416C676BD572}.Debug|x64.ActiveCfg = Debug|x64
		{2C8A0F23-D932-4CAE-9981-416C676BD572}.Debug|x64.Build.0 = Debug|x64
		{2C8A0F23-D932-4CAE-9981-416C676BD572}.Debug|x86.ActiveCfg = Debug|Win32
		{2C8A0F23-D932-4CAE-9981-416C676BD572}.Debug|x86.Build.0 = Debug|Win32
		{2C8A0F23-D932-4CAE-9981-416C676BD572}.Release|x64.ActiveCfg = Release|x64
		{2C8A0F23-D932-4CAE-9981-416C676BD572}.Release|x64.Build.0 = Release|x64
		{2C8A0F23-D932-4CAE-9981-416C676BD572}.Release|x86.ActiveCfg = Release|Win32
		{2C8A0F23-D932-4CAE-9981-416C676BD572}.Release|x86.Build.0 = Release|Win32
		{8CB6EE5E-8466-454B-8B8B-60592F2F2E83}.Debug|x64.ActiveCfg = Debug
		{8CB6EE5E-8466-454B-8B8B-60592F2F2E83}.Debug|x86.ActiveCfg = Debug
		{8CB6EE5E-8466-454B-8B8B-60592F2F2E83}.Release|x64.ActiveCfg = Release
		{8CB6EE5E-8466-454B-8B8B-60592F2F2E83}.Release|x86.ActiveCfg = Release
		{5DE35B3A-BF29-4AB6-8B91-E28B0F24739E}.Debug|x64.ActiveCfg = Debug|x64
		{5DE35B3A-BF29-4AB6-8B91-E28B0F24739E}.Debug|x86.ActiveCfg = Debug|Win32
		{5DE35B3A-BF29-4AB6-8B91-E28B0F24739E}.Debug|x86.Build.0 = Debug|Win32
		{5DE35B3A-BF29-4AB6-8B91-E28B0F24739E}.Release|x64.ActiveCfg = Release|x64
		{5DE35B3A-BF29-4AB6-8B91-E28B0F24739E}.Release|x86.ActiveCfg = Release|Win32
		{5DE35B3A-BF29-4AB6-8B91-E28B0F24739E}.Release|x86.Build.0 = Release|Win32
		{FD24B086-931F-4149-AE08-417154AB7A5A}.Debug|x64.ActiveCfg = Debug
		{FD24B086-931F-4149-AE08-417154AB7A5A}.Debug|x86.ActiveCfg = Debug
		{FD24B086-931F-4149-AE08-417154AB7A5A}.Debug|x86.Build.0 = Debug
		{FD24B086-931F-4149-AE08-417154AB7A5A}.Release|x64.ActiveCfg = Release
		{FD24B086-931F-4149-AE08-417154AB7A5A}.Release|x86.ActiveCfg = Release
		{FD24B086-931F-4149-AE08-417154AB7A5A}.Release|x86.Build.0 = Release
		{F297BE21-60F9-4A40-8DB7-AFB295A40A8D}.Debug|x64.ActiveCfg = Debug
		{F297BE21-60F9-4A40-8DB7-AFB295A40A8D}.Debug|x86.ActiveCfg = Debug
		{F297BE21-60F9-4A40-8DB7-AFB295A40A8D}.Debug|x86.Build.0 = Debug
		{F297BE21-60F9-4A40-8DB7-AFB295A40A8D}.Release|x64.ActiveCfg = Release
		{F297BE21-60F9-4A40-8DB7-AFB295A40A8D}.Release|x86.ActiveCfg = Release
		{F297BE21-60F9-4A40-8DB7-AFB295A40A8D}.Release|x86.Build.0 = Release
		{845830AA-CECC-4935-BDFD-9E75AB12924E}.Debug|x64.ActiveCfg = Debug
		{845830AA-CECC-4935-BDFD-9E75AB12924E}.Debug|x86.ActiveCfg = Debug
		{845830AA-CECC-4935-BDFD-9E75AB12924E}.Debug|x86.Build.0 = Debug
		{845830AA-CECC-4935-BDFD-9E75AB12924E}.Release|x64.ActiveCfg = Release
		{845830AA-CECC-4935-BDFD-9E75AB12924E}.Release|x86.ActiveCfg = Release
		{845830AA-CECC-4935-BDFD-9E75AB12924E}.Release|x86.Build.0 = Release
		{86432020-DC31-425B-9E37-B87FA6726D02}.Debug|x64.ActiveCfg = Debug
		{86432020-DC31-425B-9E37-B87FA6726D02}.Debug|x86.ActiveCfg = Debug
		{86432020-DC31-425B-9E37-B87FA6726D02}.Debug|x86.Build.0 = Debug
		{86432020-DC31-425B-9E37-B87FA6726D02}.Release|x64.ActiveCfg = Release
		{86432020-DC31-425B-9E37-B87FA6726D02}.Release|x86.ActiveCfg = Release
		{86432020-DC31-425B-9E37-B87FA6726D02}.Release|x86.Build.0 = Release
		{82E91065-18E3-457F-9C0C-17A22A8DD69C}.Debug|x64.ActiveCfg = Debug
		{82E91065-18E3-457F-9C0C-17A22A8DD69C}.Debug|x86.ActiveCfg = Debug
		{82E91065-18E3-457F-9C0C-17A22A8DD69C}.Debug|x86.Build.0 = Debug
		{82E91065-18E3-457F-9C0C-17A22A8DD69C}.Release|x64.ActiveCfg = Release
		{82E91065-18E3-457F-9C0C-17A22A8DD69C}.Release|x86.ActiveCfg = Release
		{82E91065-18E3-457F-9C0C-17A22A8DD69C}.Release|x86.Build.0 = Release
		{C2F48CA5-8A47-4A24-A801-ED27F0A616B1}.Debug|x64.ActiveCfg = Debug
		{C2F48CA5-8A47-4A24-A801-ED27F0A616B1}.Debug|x86.ActiveCfg = Debug
		{C2F48CA5-8A47-4A24-A801-ED27F0A616B1}.Debug|x86.Build.0 = Debug
		{C2F48CA5-8A47-4A24-A801-ED27F0A616B1}.Release|x64.ActiveCfg = Release
		{C2F48CA5-8A47-4A24-A801-ED27F0A616B1}.Release|x86.ActiveCfg = Release
		{C2F48CA5-8A47-4A24-A801-ED27F0A616B1}.Release|x86.Build.0 = Release
		{D8F650D9-2632-4ABE-8852-6B23883E93CE}.Debug|x64.ActiveCfg = Debug
		{D8F650D9-2632-4ABE-8852-6B23883E93CE}.Debug|x86.ActiveCfg = Debug
		{D8F650D9-2632-4ABE-8852-6B23883E93CE}.Debug|x86.Build.0 = Debug
		{D8F650D9-2632-4ABE-8852-6B23883E93CE}.Release|x64.ActiveCfg = Release
		{D8F650D9-2632-4ABE-8852-6B23883E93CE}.Release|x86.ActiveCfg = Release
		{D8F650D9-2632-4ABE-8852-6B23883E93CE}.Release|x86.Build.0 = Release
		{F1B66ABA-6190-47A4-81F7-18ACA40908EB}.Debug|x64.ActiveCfg = Debug
		{F1B66ABA-6190-47A4-81F7-18ACA40908EB}.Debug|x86.ActiveCfg = Debug
		{F1B66ABA-6190-47A4-81F7-18ACA40908EB}.Debug|x86.Build.0 = Debug
		{F1B66ABA-6190-47A4-81F7-18ACA40908EB}.Release|x64.ActiveCfg = Release
		{F1B66ABA-6190-47A4-81F7-18ACA40908EB}.Release|x86.ActiveCfg = Release
		{F1B66ABA-6190-47A4-81F7-18ACA40908EB}.Release|x86.Build.0 = Release
		{62EDF3D3-4B0D-42FF-B9B7-97D9F5FA1163}.Debug|x64.ActiveCfg = Debug
		{62EDF3D3-4B0D-42FF-B9B7-97D9F5FA1163}.Debug|x86.ActiveCfg = Debug
		{62EDF3D3-4B0D-42FF-B9B7-97D9F5FA1163}.Debug|x86.Build.0 = Debug
		{62EDF3D3-4B0D-42FF-B9B7-97D9F5FA1163}.Release|x64.ActiveCfg = Release
		{62EDF3D3-4B0D-42FF-B9B7-97D9F5FA1163}.Release|x86.ActiveCfg = Release
		{62EDF3D3-4B0D-42FF-B9B7-97D9F5FA1163}.Release|x86.Build.0 = Release
		{9CE63F8D-859B-4112-8395-BDAEA9D19979}.Debug|x64.ActiveCfg = Debug|x64
		{9CE63F8D-859B-4112-8395-BDAEA9D19979}.Debug|x64.Build.0 = Debug|x64
		{9CE63F8D-859B-4112-8395-BDAEA9D19979}.Debug|x86.ActiveCfg = Debug|Win32
		{9CE63F8D-859B-4112-8395-BDAEA9D19979}.Debug|x86.Build.0 = Debug|Win32
		{9CE63F8D-859B-4112-8395-BDAEA9D19979}.Release|x64.ActiveCfg = Release|x64
		{9CE63F8D-859B-4112-8395-BDAEA9D19979}.Release|x64.Build.0 = Release|x64
		{9CE63F8D-859B-4112-8395-BDAEA9D19979}.Release|x86.ActiveCfg = Release|Win32
		{9CE63F8D-859B-4112-8395-BDAEA9D19979}.Release|x86.Build.0 = Release|Win32
		{3E3831E8-8971-425D-9BDF-1045C7DB6D2E}.Debug|x64.ActiveCfg = Debug|x64
		{3E3831E8-8971-425D-9BDF-1045C7DB6D2E}.Debug|x86.ActiveCfg = Debug|Win32
		{3E3831E8-8971-425D-9BDF-1045C7DB6D2E}.Debug|x86.Build.0 = Debug|Win32
		{3E3831E8-8971-425D-9BDF-1045C7DB6D2E}.Release|x64.ActiveCfg = Release|x64
		{3E3831E8-8971-425D-9BDF-1045C7DB6D2E}.Release|x86.ActiveCfg = Release|Win32
		{3E3831E8-8971-425D-9BDF-1045C7DB6D2E}.Release|x86.Build.0 = Release|Win32
		{B12702AD-ABFB-343A-A199-8E24837244A3}.Debug|x64.ActiveCfg = Debug|x64
		{B12702AD-ABFB-343A-A199-8E24837244A3}.Debug|x64.Build.0 = Debug|x64
		{B12702AD-ABFB-343A-A199-8E24837244A3}.Debug|x86.ActiveCfg = Debug|Win32
		{B12702AD-ABFB-343A-A199-8E24837244A3}.Debug|x86.Build.0 = Debug|Win32
		{B12702AD-ABFB-343A-A199-8E24837244A3}.Release|x64.ActiveCfg = Release|x64
		{B12702AD-ABFB-343A-A199-8E24837244A3}.Release|x64.Build.0 = Release|x64
		{B12702AD-ABFB-343A-A199-8E24837244A3}.Release|x86.ActiveCfg = Release|Win32
		{B12702AD-ABFB-343A-A199-8E24837244A3}.Release|x86.Build.0 = Release|Win32
		{791722DB-1E06-463F-9970-F401F1AB5E6C}.Debug|x64.ActiveCfg = Debug|x64
		{791722DB-1E06-463F-9970-F401F1AB5E6C}.Debug|x64.Build.0 = Debug|x64
		{791722DB-1E06-463F-9970-F401F1AB5E6C}.Debug|x86.ActiveCfg = Debug|Win32
		{791722DB-1E06-463F-9970-F401F1AB5E6C}.Debug|x86.Build.0 = Debug|Win32
		{791722DB-1E06-463F-9970-F401F1AB5E6C}.Release|x64.ActiveCfg = Release|x64
		{791722DB-1E06-463F-9970-F401F1AB5E6C}.Release|x64.Build.0 = Release|x64
		{791722DB-1E06-463F-9970-F401F1AB5E6C}.Release|x86.ActiveCfg = Release|Win32
		{791722DB-1E06-463F-9970-F401F1AB5E6C}.Release|x86.Build.0 = Release|Win32
		{494D7CF7-F727-4379-A627-FA1A79214C85}.Debug|x64.ActiveCfg = Debug|x64
		{494D7CF7-F727-4379-A627-FA1A79214C85}.Debug|x64.Build.0 = Debug|x64
		{494D7CF7-F727-4379-A627-FA1A79214C85}.Debug|x86.ActiveCfg = Debug|Win32
		{494D7CF7-F727-4379-A627-FA1A79214C85}.Debug|x86.Build.0 = Debug|Win32
		{494D7CF7-F727-4379-A627-FA1A79214C85}.Release|x64.ActiveCfg = Release|x64
		{494D7CF7-F727-4379-A627-FA1A79214C85}.Release|x64.Build.0 = Release|x64
		{494D7CF7-F727-4379-A627-FA1A79214C85}.Release|x86.ActiveCfg = Release|Win32
		{494D7CF7-F727-4379-A627-FA1A79214C85}.Release|x86.Build.0 = Release|Win32
		{28D89F1C-B8D8-4184-AB14-9B5857E8ECA6}.Debug|x64.ActiveCfg = Debug|x64
		{28D89F1C-B8D8-4184-AB14-9B5857E8ECA6}.Debug|x86.ActiveCfg = Debug|Win32
		{28D89F1C-B8D8-4184-AB14-9B5857E8ECA6}.Debug|x86.Build.0 = Debug|Win32
		{28D89F1C-B8D8-4184-AB14-9B5857E8ECA6}.Release|x64.ActiveCfg = Release|x64
		{28D89F1C-B8D8-4184-AB14-9B5857E8ECA6}.Release|x86.ActiveCfg = Release|Win32
		{28D89F1C-B8D8-4184-AB14-9B5857E8ECA6}.Release|x86.Build.0 = Release|Win32
		{05E10F4F-AD35-4A9B-A0E4-39875AC8960D}.Debug|x64.ActiveCfg = Debug|x64
		{05E10F4F-AD35-4A9B-A0E4-39875AC8960D}.Debug|x64.Build.0 = Debug|x64
		{05E10F4F-AD35-4A9B-A0E4-39875AC8960D}.Debug|x86.ActiveCfg = Debug|Win32
		{05E10F4F-AD35-4A9B-A0E4-39875AC8960D}.Debug|x86.Build.0 = Debug|Win32
		{05E10F4F-AD35-4A9B-A0E4-39875AC8960D}.Release|x64.ActiveCfg = Release|x64
		{05E10F4F-AD35-4A9B-A0E4-39875AC8960D}.Release|x64.Build.0 = Release|x64
		{05E10F4F-AD35-4A9B-A0E4-39875AC8960D}.Release|x86.ActiveCfg = Release|Win32
		{05E10F4F-AD35-4A9B-A0E4-39875AC8960D}.Release|x86.Build.0 = Release|Win32
		{94D853D9-6DC0-4416-B60D-731731FA81E5}.Debug|x64.ActiveCfg = Debug|x64
		{94D853D9-6DC0-4416-B60D-731731FA81E5}.Debug|x64.Build.0 = Debug|x64
		{94D853D9-6DC0-4416-B60D-731731FA81E5}.Debug|x86.ActiveCfg = Debug|Win32
		{94D853D9-6DC0-4416-B60D-731731FA81E5}.Debug|x86.Build.0 = Debug|Win32
		{94D853D9-6DC0-4416-B60D-731731FA81E5}.Release|x64.ActiveCfg = Release|x64
		{94D853D9-6DC0-4416-B60D-731731FA81E5}.Release|x64.Build.0 = Release|x64
		{94D853D9-6DC0-4416-B60D-731731FA81E5}.Release|x86.ActiveCfg = Release|Win32
		{94D853D9-6DC0-4416-B60D-731731FA81E5}.Release|x86.Build.0 = Release|Win32
	EndGlobalSection
	GlobalSection(SolutionProperties) = preSolution
		HideSolutionNode = FALSE
	EndGlobalSection
	GlobalSection(NestedProjects) = preSolution
		{8C8F1D36-1877-4C86-AA75-73543A3EB81D} = {B77AA00A-2770-4286-B720-9016F784B710}
		{6CFBC041-5711-4E58-8414-AD58BF1E32D8} = {8C8F1D36-1877-4C86-AA75-73543A3EB81D}
		{5D8EAE74-A7C8-47FC-9B57-DF2980E923F0} = {8C8F1D36-1877-4C86-AA75-73543A3EB81D}
		{5046141E-B1C6-492A-9096-92A902D33BD5} = {B77AA00A-2770-4286-B720-9016F784B710}
		{9CCE42A2-4DF1-4EB1-9C30-D56A20B0C210} = {5D8EAE74-A7C8-47FC-9B57-DF2980E923F0}
		{F0D7297D-E047-48D8-9B84-5FE5D2B72CBC} = {5D8EAE74-A7C8-47FC-9B57-DF2980E923F0}
		{E2E8FA63-5303-4F27-9A48-6D3D28172DCB} = {5D8EAE74-A7C8-47FC-9B57-DF2980E923F0}
		{A1233AF8-E85E-4219-AC73-0FC982C4AFA8} = {6CFBC041-5711-4E58-8414-AD58BF1E32D8}
		{124894C3-9953-4F7D-B13D-4DEEF781725A} = {6CFBC041-5711-4E58-8414-AD58BF1E32D8}
		{576B0B6B-2D0A-4535-B17C-9527C707A030} = {6CFBC041-5711-4E58-8414-AD58BF1E32D8}
		{1EF80396-E10B-44A9-8F76-28B222108AF6} = {6CFBC041-5711-4E58-8414-AD58BF1E32D8}
		{BCEC94DC-9C88-4BC6-993E-EB546DC45F29} = {17F0DF64-17CB-42C6-9061-5EE2AC602081}
		{E1C5AA3F-075D-4194-83CC-C88F6BAFC2CD} = {17F0DF64-17CB-42C6-9061-5EE2AC602081}
		{6D399A54-3CA9-432D-A521-675DC99C4608} = {8C8F1D36-1877-4C86-AA75-73543A3EB81D}
		{225F7CF1-2743-4AEF-BF7F-F77BDB833C4B} = {17F0DF64-17CB-42C6-9061-5EE2AC602081}
		{D8428FE4-8C01-4BBF-8A89-73E7FA0A17B7} = {6CFBC041-5711-4E58-8414-AD58BF1E32D8}
		{142B5CC0-A019-41AE-881F-DB247EC67EC4} = {6CFBC041-5711-4E58-8414-AD58BF1E32D8}
		{3E80580A-FB5C-47F2-8B25-67F324E40AA5} = {C7F39857-98C9-4A73-B041-249AA92EFDE2}
		{EE3598A2-0A17-4A3E-B168-17BE77B1F2C2} = {C7F39857-98C9-4A73-B041-249AA92EFDE2}
		{40B2F358-51FE-45B5-8390-28D500801EB0} = {17F0DF64-17CB-42C6-9061-5EE2AC602081}
		{D8FBD935-E81E-4036-9717-43F0DCF73B41} = {B77AA00A-2770-4286-B720-9016F784B710}
		{DEF31292-41BE-47BE-A63B-83EAA4E75658} = {17F0DF64-17CB-42C6-9061-5EE2AC602081}
		{6BA6DD8A-8968-4F0F-ADF1-D7E41FD44B3F} = {74DCF5C7-E5D5-49DC-82AE-CCBD6E788FFD}
		{3A96A63A-7706-48E7-8F2D-BA9F00BCB478} = {6CFBC041-5711-4E58-8414-AD58BF1E32D8}
		{B3CF3DF0-8959-4EAA-8779-C6665C929337} = {C7F39857-98C9-4A73-B041-249AA92EFDE2}
		{0F0DC79B-BA6F-4ED4-AD38-9390DB56B4A6} = {6CFBC041-5711-4E58-8414-AD58BF1E32D8}
		{6614738B-9ADA-4355-A24B-302ADBB5F252} = {74DCF5C7-E5D5-49DC-82AE-CCBD6E788FFD}
		{17F0DF64-17CB-42C6-9061-5EE2AC602081} = {B77AA00A-2770-4286-B720-9016F784B710}
		{C7F39857-98C9-4A73-B041-249AA92EFDE2} = {4375CDEA-5879-40F2-B600-70DE49B0AF2B}
		{290C43AE-A97A-4351-8B38-C945BFCF6BE8} = {74DCF5C7-E5D5-49DC-82AE-CCBD6E788FFD}
		{C2FFBA82-8939-40B4-B9A1-14570FA1120B} = {4375CDEA-5879-40F2-B600-70DE49B0AF2B}
		{EA91E814-62C8-4C62-9E2E-CA15D29950ED} = {C2FFBA82-8939-40B4-B9A1-14570FA1120B}
		{21F20CEC-9619-4ACE-A7CA-FE707EC2901D} = {C2FFBA82-8939-40B4-B9A1-14570FA1120B}
		{2C8A0F23-D932-4CAE-9981-416C676BD572} = {C2FFBA82-8939-40B4-B9A1-14570FA1120B}
		{8CB6EE5E-8466-454B-8B8B-60592F2F2E83} = {C6655A08-AE3B-4ABB-BB72-77BBFCE76DAE}
		{5DE35B3A-BF29-4AB6-8B91-E28B0F24739E} = {C6655A08-AE3B-4ABB-BB72-77BBFCE76DAE}
		{FD24B086-931F-4149-AE08-417154AB7A5A} = {A803379A-D14E-46D8-8F3E-B0098A1EFCF2}
		{F297BE21-60F9-4A40-8DB7-AFB295A40A8D} = {1412188B-B1A8-40FA-842C-C8F20F67AB3C}
		{845830AA-CECC-4935-BDFD-9E75AB12924E} = {1412188B-B1A8-40FA-842C-C8F20F67AB3C}
		{1412188B-B1A8-40FA-842C-C8F20F67AB3C} = {C6655A08-AE3B-4ABB-BB72-77BBFCE76DAE}
		{A803379A-D14E-46D8-8F3E-B0098A1EFCF2} = {C6655A08-AE3B-4ABB-BB72-77BBFCE76DAE}
		{86432020-DC31-425B-9E37-B87FA6726D02} = {1412188B-B1A8-40FA-842C-C8F20F67AB3C}
		{82E91065-18E3-457F-9C0C-17A22A8DD69C} = {A803379A-D14E-46D8-8F3E-B0098A1EFCF2}
		{C2F48CA5-8A47-4A24-A801-ED27F0A616B1} = {1412188B-B1A8-40FA-842C-C8F20F67AB3C}
		{74DCF5C7-E5D5-49DC-82AE-CCBD6E788FFD} = {4375CDEA-5879-40F2-B600-70DE49B0AF2B}
		{B77AA00A-2770-4286-B720-9016F784B710} = {4375CDEA-5879-40F2-B600-70DE49B0AF2B}
		{D8F650D9-2632-4ABE-8852-6B23883E93CE} = {1412188B-B1A8-40FA-842C-C8F20F67AB3C}
		{F1B66ABA-6190-47A4-81F7-18ACA40908EB} = {A803379A-D14E-46D8-8F3E-B0098A1EFCF2}
		{62EDF3D3-4B0D-42FF-B9B7-97D9F5FA1163} = {A803379A-D14E-46D8-8F3E-B0098A1EFCF2}
		{9CE63F8D-859B-4112-8395-BDAEA9D19979} = {74DCF5C7-E5D5-49DC-82AE-CCBD6E788FFD}
		{B12702AD-ABFB-343A-A199-8E24837244A3} = {C2FFBA82-8939-40B4-B9A1-14570FA1120B}
		{791722DB-1E06-463F-9970-F401F1AB5E6C} = {C2FFBA82-8939-40B4-B9A1-14570FA1120B}
		{494D7CF7-F727-4379-A627-FA1A79214C85} = {C2FFBA82-8939-40B4-B9A1-14570FA1120B}
		{05E10F4F-AD35-4A9B-A0E4-39875AC8960D} = {6CFBC041-5711-4E58-8414-AD58BF1E32D8}
		{94D853D9-6DC0-4416-B60D-731731FA81E5} = {6CFBC041-5711-4E58-8414-AD58BF1E32D8}
	EndGlobalSection
	GlobalSection(ExtensibilityGlobals) = postSolution
		Qt5Version = $(DefaultQtVersion)
	EndGlobalSection
EndGlobal
