
Microsoft Visual Studio Solution File, Format Version 12.00
# Visual Studio 14
VisualStudioVersion = 14.0.25420.1
MinimumVisualStudioVersion = 10.0.40219.1
Project("{2150E333-8FDC-42A3-9474-1A3956D46DE8}") = "View", "View", "{F7DF255E-DA6D-4987-ADB5-1EF0E06D929E}"
EndProject
Project("{2150E333-8FDC-42A3-9474-1A3956D46DE8}") = "Model", "Model", "{8C8F1D36-1877-4C86-AA75-73543A3EB81D}"
EndProject
Project("{2150E333-8FDC-42A3-9474-1A3956D46DE8}") = "ViewModel", "ViewModel", "{4375CDEA-5879-40F2-B600-70DE49B0AF2B}"
EndProject
Project("{2150E333-8FDC-42A3-9474-1A3956D46DE8}") = "Application", "Application", "{CBAE8933-F36F-4EB3-AF57-A52E9876E0A3}"
EndProject
Project("{2150E333-8FDC-42A3-9474-1A3956D46DE8}") = "Wrapper", "Wrapper", "{D66FBB3B-2E30-4C4E-B5B9-A57549617046}"
EndProject
Project("{2150E333-8FDC-42A3-9474-1A3956D46DE8}") = "Abstraction", "Abstraction", "{6CFBC041-5711-4E58-8414-AD58BF1E32D8}"
EndProject
Project("{2150E333-8FDC-42A3-9474-1A3956D46DE8}") = "Implementation", "Implementation", "{5D8EAE74-A7C8-47FC-9B57-DF2980E923F0}"
EndProject
Project("{8BC9CEB8-8B4A-11D0-8D11-00A0C91BC942}") = "Helper", "Helper\Helper.vcxproj", "{5046141E-B1C6-492A-9096-92A902D33BD5}"
EndProject
Project("{8BC9CEB8-8B4A-11D0-8D11-00A0C91BC942}") = "CPU", "CPU\CPU.vcxproj", "{9CCE42A2-4DF1-4EB1-9C30-D56A20B0C210}"
	ProjectSection(ProjectDependencies) = postProject
		{F0D7297D-E047-48D8-9B84-5FE5D2B72CBC} = {F0D7297D-E047-48D8-9B84-5FE5D2B72CBC}
		{1EF80396-E10B-44A9-8F76-28B222108AF6} = {1EF80396-E10B-44A9-8F76-28B222108AF6}
	EndProjectSection
EndProject
Project("{8BC9CEB8-8B4A-11D0-8D11-00A0C91BC942}") = "Backend", "Backend\Backend.vcxproj", "{F0D7297D-E047-48D8-9B84-5FE5D2B72CBC}"
EndProject
Project("{8BC9CEB8-8B4A-11D0-8D11-00A0C91BC942}") = "GPU", "GPU\GPU.vcxproj", "{E2E8FA63-5303-4F27-9A48-6D3D28172DCB}"
	ProjectSection(ProjectDependencies) = postProject
		{F0D7297D-E047-48D8-9B84-5FE5D2B72CBC} = {F0D7297D-E047-48D8-9B84-5FE5D2B72CBC}
		{1EF80396-E10B-44A9-8F76-28B222108AF6} = {1EF80396-E10B-44A9-8F76-28B222108AF6}
	EndProjectSection
EndProject
Project("{8BC9CEB8-8B4A-11D0-8D11-00A0C91BC942}") = "Initializer", "Initializer\Initializer.vcxproj", "{A1233AF8-E85E-4219-AC73-0FC982C4AFA8}"
	ProjectSection(ProjectDependencies) = postProject
		{F0D7297D-E047-48D8-9B84-5FE5D2B72CBC} = {F0D7297D-E047-48D8-9B84-5FE5D2B72CBC}
		{1EF80396-E10B-44A9-8F76-28B222108AF6} = {1EF80396-E10B-44A9-8F76-28B222108AF6}
	EndProjectSection
EndProject
Project("{8BC9CEB8-8B4A-11D0-8D11-00A0C91BC942}") = "Loop", "Loop\Loop.vcxproj", "{124894C3-9953-4F7D-B13D-4DEEF781725A}"
	ProjectSection(ProjectDependencies) = postProject
		{F0D7297D-E047-48D8-9B84-5FE5D2B72CBC} = {F0D7297D-E047-48D8-9B84-5FE5D2B72CBC}
		{1EF80396-E10B-44A9-8F76-28B222108AF6} = {1EF80396-E10B-44A9-8F76-28B222108AF6}
	EndProjectSection
EndProject
Project("{8BC9CEB8-8B4A-11D0-8D11-00A0C91BC942}") = "Scheduler", "Scheduler\Scheduler.vcxproj", "{576B0B6B-2D0A-4535-B17C-9527C707A030}"
	ProjectSection(ProjectDependencies) = postProject
		{F0D7297D-E047-48D8-9B84-5FE5D2B72CBC} = {F0D7297D-E047-48D8-9B84-5FE5D2B72CBC}
		{1EF80396-E10B-44A9-8F76-28B222108AF6} = {1EF80396-E10B-44A9-8F76-28B222108AF6}
	EndProjectSection
EndProject
Project("{8BC9CEB8-8B4A-11D0-8D11-00A0C91BC942}") = "Core", "Core\Core.vcxproj", "{1EF80396-E10B-44A9-8F76-28B222108AF6}"
	ProjectSection(ProjectDependencies) = postProject
		{F0D7297D-E047-48D8-9B84-5FE5D2B72CBC} = {F0D7297D-E047-48D8-9B84-5FE5D2B72CBC}
	EndProjectSection
EndProject
Project("{8BC9CEB8-8B4A-11D0-8D11-00A0C91BC942}") = "Engine", "Engine\Engine.vcxproj", "{BCEC94DC-9C88-4BC6-993E-EB546DC45F29}"
	ProjectSection(ProjectDependencies) = postProject
		{6D399A54-3CA9-432D-A521-675DC99C4608} = {6D399A54-3CA9-432D-A521-675DC99C4608}
	EndProjectSection
EndProject
Project("{8BC9CEB8-8B4A-11D0-8D11-00A0C91BC942}") = "Local", "Local\Local.vcxproj", "{E1C5AA3F-075D-4194-83CC-C88F6BAFC2CD}"
	ProjectSection(ProjectDependencies) = postProject
		{BCEC94DC-9C88-4BC6-993E-EB546DC45F29} = {BCEC94DC-9C88-4BC6-993E-EB546DC45F29}
	EndProjectSection
EndProject
Project("{8BC9CEB8-8B4A-11D0-8D11-00A0C91BC942}") = "Grid", "Grid\Grid.vcxproj", "{B12702AD-ABFB-343A-A199-8E24837244A3}"
EndProject
Project("{8BC9CEB8-8B4A-11D0-8D11-00A0C91BC942}") = "Model", "Model\Model.vcxproj", "{6D399A54-3CA9-432D-A521-675DC99C4608}"
	ProjectSection(ProjectDependencies) = postProject
		{3A96A63A-7706-48E7-8F2D-BA9F00BCB478} = {3A96A63A-7706-48E7-8F2D-BA9F00BCB478}
		{E2E8FA63-5303-4F27-9A48-6D3D28172DCB} = {E2E8FA63-5303-4F27-9A48-6D3D28172DCB}
		{576B0B6B-2D0A-4535-B17C-9527C707A030} = {576B0B6B-2D0A-4535-B17C-9527C707A030}
		{F0D7297D-E047-48D8-9B84-5FE5D2B72CBC} = {F0D7297D-E047-48D8-9B84-5FE5D2B72CBC}
		{1EF80396-E10B-44A9-8F76-28B222108AF6} = {1EF80396-E10B-44A9-8F76-28B222108AF6}
		{9CCE42A2-4DF1-4EB1-9C30-D56A20B0C210} = {9CCE42A2-4DF1-4EB1-9C30-D56A20B0C210}
		{142B5CC0-A019-41AE-881F-DB247EC67EC4} = {142B5CC0-A019-41AE-881F-DB247EC67EC4}
		{124894C3-9953-4F7D-B13D-4DEEF781725A} = {124894C3-9953-4F7D-B13D-4DEEF781725A}
		{D8428FE4-8C01-4BBF-8A89-73E7FA0A17B7} = {D8428FE4-8C01-4BBF-8A89-73E7FA0A17B7}
		{A1233AF8-E85E-4219-AC73-0FC982C4AFA8} = {A1233AF8-E85E-4219-AC73-0FC982C4AFA8}
	EndProjectSection
EndProject
Project("{8BC9CEB8-8B4A-11D0-8D11-00A0C91BC942}") = "ViewModel", "ViewModel\ViewModel.vcxproj", "{225F7CF1-2743-4AEF-BF7F-F77BDB833C4B}"
	ProjectSection(ProjectDependencies) = postProject
		{E1C5AA3F-075D-4194-83CC-C88F6BAFC2CD} = {E1C5AA3F-075D-4194-83CC-C88F6BAFC2CD}
		{6D399A54-3CA9-432D-A521-675DC99C4608} = {6D399A54-3CA9-432D-A521-675DC99C4608}
		{BCEC94DC-9C88-4BC6-993E-EB546DC45F29} = {BCEC94DC-9C88-4BC6-993E-EB546DC45F29}
	EndProjectSection
EndProject
Project("{8BC9CEB8-8B4A-11D0-8D11-00A0C91BC942}") = "Reservoir", "Reservoir\Reservoir.vcxproj", "{D8428FE4-8C01-4BBF-8A89-73E7FA0A17B7}"
	ProjectSection(ProjectDependencies) = postProject
		{F0D7297D-E047-48D8-9B84-5FE5D2B72CBC} = {F0D7297D-E047-48D8-9B84-5FE5D2B72CBC}
		{1EF80396-E10B-44A9-8F76-28B222108AF6} = {1EF80396-E10B-44A9-8F76-28B222108AF6}
	EndProjectSection
EndProject
Project("{8BC9CEB8-8B4A-11D0-8D11-00A0C91BC942}") = "Simulator", "Simulator\Simulator.vcxproj", "{142B5CC0-A019-41AE-881F-DB247EC67EC4}"
	ProjectSection(ProjectDependencies) = postProject
		{1EF80396-E10B-44A9-8F76-28B222108AF6} = {1EF80396-E10B-44A9-8F76-28B222108AF6}
	EndProjectSection
EndProject
Project("{8BC9CEB8-8B4A-11D0-8D11-00A0C91BC942}") = "TRN4CPP", "TRN4CPP\TRN4CPP.vcxproj", "{3E80580A-FB5C-47F2-8B25-67F324E40AA5}"
	ProjectSection(ProjectDependencies) = postProject
		{225F7CF1-2743-4AEF-BF7F-F77BDB833C4B} = {225F7CF1-2743-4AEF-BF7F-F77BDB833C4B}
	EndProjectSection
EndProject
Project("{8BC9CEB8-8B4A-11D0-8D11-00A0C91BC942}") = "TRN4JAVA", "TRN4JAVA\TRN4JAVA.vcxproj", "{EE3598A2-0A17-4A3E-B168-17BE77B1F2C2}"
	ProjectSection(ProjectDependencies) = postProject
		{3E80580A-FB5C-47F2-8B25-67F324E40AA5} = {3E80580A-FB5C-47F2-8B25-67F324E40AA5}
	EndProjectSection
EndProject
Project("{8BC9CEB8-8B4A-11D0-8D11-00A0C91BC942}") = "Remote", "Remote\Remote.vcxproj", "{40B2F358-51FE-45B5-8390-28D500801EB0}"
	ProjectSection(ProjectDependencies) = postProject
		{6D399A54-3CA9-432D-A521-675DC99C4608} = {6D399A54-3CA9-432D-A521-675DC99C4608}
		{BCEC94DC-9C88-4BC6-993E-EB546DC45F29} = {BCEC94DC-9C88-4BC6-993E-EB546DC45F29}
	EndProjectSection
EndProject
Project("{8BC9CEB8-8B4A-11D0-8D11-00A0C91BC942}") = "Network", "Network\Network.vcxproj", "{D8FBD935-E81E-4036-9717-43F0DCF73B41}"
EndProject
Project("{8BC9CEB8-8B4A-11D0-8D11-00A0C91BC942}") = "Distributed", "Distributed\Distributed.vcxproj", "{DEF31292-41BE-47BE-A63B-83EAA4E75658}"
EndProject
Project("{8BC9CEB8-8B4A-11D0-8D11-00A0C91BC942}") = "Worker", "Worker\Worker.vcxproj", "{6BA6DD8A-8968-4F0F-ADF1-D7E41FD44B3F}"
EndProject
Project("{8BC9CEB8-8B4A-11D0-8D11-00A0C91BC942}") = "Measurement", "Measurement\Measurement.vcxproj", "{3A96A63A-7706-48E7-8F2D-BA9F00BCB478}"
EndProject
Project("{8BC9CEB8-8B4A-11D0-8D11-00A0C91BC942}") = "Cudnn", "Cudnn\Cudnn.vcxproj", "{827C9E4F-A296-4E9A-BB9C-FDAC7D697BDA}"
EndProject
Project("{8BC9CEB8-8B4A-11D0-8D11-00A0C91BC942}") = "Thrust", "Thrust\Thrust.vcxproj", "{BB47F191-F597-42E3-B008-9D9702429505}"
EndProject
Project("{8BC9CEB8-8B4A-11D0-8D11-00A0C91BC942}") = "Test", "Test\Test.vcxproj", "{61A9D4C5-6BE6-4BA1-B5A6-0DB6D0917055}"
	ProjectSection(ProjectDependencies) = postProject
		{6BA6DD8A-8968-4F0F-ADF1-D7E41FD44B3F} = {6BA6DD8A-8968-4F0F-ADF1-D7E41FD44B3F}
	EndProjectSection
EndProject
Project("{8BC9CEB8-8B4A-11D0-8D11-00A0C91BC942}") = "TRN4MATLAB", "TRN4MATLAB\TRN4MATLAB.vcxproj", "{B3CF3DF0-8959-4EAA-8779-C6665C929337}"
EndProject
Project("{8BC9CEB8-8B4A-11D0-8D11-00A0C91BC942}") = "Bench", "Bench\Bench.vcxproj", "{35FEC412-5AD4-4BFC-8918-188CAB832572}"
EndProject
Project("{8BC9CEB8-8B4A-11D0-8D11-00A0C91BC942}") = "test_mkl", "test_mkl\test_mkl.vcxproj", "{C766EEF2-44CF-4689-9850-78BEB5045498}"
EndProject
Global
	GlobalSection(SolutionConfigurationPlatforms) = preSolution
		Debug|Win32 = Debug|Win32
		Debug|x64 = Debug|x64
		Release|Win32 = Release|Win32
		Release|x64 = Release|x64
	EndGlobalSection
	GlobalSection(ProjectConfigurationPlatforms) = postSolution
		{5046141E-B1C6-492A-9096-92A902D33BD5}.Debug|Win32.ActiveCfg = Debug|Win32
		{5046141E-B1C6-492A-9096-92A902D33BD5}.Debug|Win32.Build.0 = Debug|Win32
		{5046141E-B1C6-492A-9096-92A902D33BD5}.Debug|x64.ActiveCfg = Debug|x64
		{5046141E-B1C6-492A-9096-92A902D33BD5}.Debug|x64.Build.0 = Debug|x64
		{5046141E-B1C6-492A-9096-92A902D33BD5}.Release|Win32.ActiveCfg = Release|Win32
		{5046141E-B1C6-492A-9096-92A902D33BD5}.Release|Win32.Build.0 = Release|Win32
		{5046141E-B1C6-492A-9096-92A902D33BD5}.Release|x64.ActiveCfg = Release|x64
		{5046141E-B1C6-492A-9096-92A902D33BD5}.Release|x64.Build.0 = Release|x64
		{9CCE42A2-4DF1-4EB1-9C30-D56A20B0C210}.Debug|Win32.ActiveCfg = Debug|Win32
		{9CCE42A2-4DF1-4EB1-9C30-D56A20B0C210}.Debug|Win32.Build.0 = Debug|Win32
		{9CCE42A2-4DF1-4EB1-9C30-D56A20B0C210}.Debug|x64.ActiveCfg = Debug|x64
		{9CCE42A2-4DF1-4EB1-9C30-D56A20B0C210}.Debug|x64.Build.0 = Debug|x64
		{9CCE42A2-4DF1-4EB1-9C30-D56A20B0C210}.Release|Win32.ActiveCfg = Release|Win32
		{9CCE42A2-4DF1-4EB1-9C30-D56A20B0C210}.Release|Win32.Build.0 = Release|Win32
		{9CCE42A2-4DF1-4EB1-9C30-D56A20B0C210}.Release|x64.ActiveCfg = Release|x64
		{9CCE42A2-4DF1-4EB1-9C30-D56A20B0C210}.Release|x64.Build.0 = Release|x64
		{F0D7297D-E047-48D8-9B84-5FE5D2B72CBC}.Debug|Win32.ActiveCfg = Debug|Win32
		{F0D7297D-E047-48D8-9B84-5FE5D2B72CBC}.Debug|Win32.Build.0 = Debug|Win32
		{F0D7297D-E047-48D8-9B84-5FE5D2B72CBC}.Debug|x64.ActiveCfg = Debug|x64
		{F0D7297D-E047-48D8-9B84-5FE5D2B72CBC}.Debug|x64.Build.0 = Debug|x64
		{F0D7297D-E047-48D8-9B84-5FE5D2B72CBC}.Release|Win32.ActiveCfg = Release|Win32
		{F0D7297D-E047-48D8-9B84-5FE5D2B72CBC}.Release|Win32.Build.0 = Release|Win32
		{F0D7297D-E047-48D8-9B84-5FE5D2B72CBC}.Release|x64.ActiveCfg = Release|x64
		{F0D7297D-E047-48D8-9B84-5FE5D2B72CBC}.Release|x64.Build.0 = Release|x64
		{E2E8FA63-5303-4F27-9A48-6D3D28172DCB}.Debug|Win32.ActiveCfg = Debug|Win32
		{E2E8FA63-5303-4F27-9A48-6D3D28172DCB}.Debug|Win32.Build.0 = Debug|Win32
		{E2E8FA63-5303-4F27-9A48-6D3D28172DCB}.Debug|x64.ActiveCfg = Debug|x64
		{E2E8FA63-5303-4F27-9A48-6D3D28172DCB}.Debug|x64.Build.0 = Debug|x64
		{E2E8FA63-5303-4F27-9A48-6D3D28172DCB}.Release|Win32.ActiveCfg = Release|Win32
		{E2E8FA63-5303-4F27-9A48-6D3D28172DCB}.Release|Win32.Build.0 = Release|Win32
		{E2E8FA63-5303-4F27-9A48-6D3D28172DCB}.Release|x64.ActiveCfg = Release|x64
		{E2E8FA63-5303-4F27-9A48-6D3D28172DCB}.Release|x64.Build.0 = Release|x64
		{A1233AF8-E85E-4219-AC73-0FC982C4AFA8}.Debug|Win32.ActiveCfg = Debug|Win32
		{A1233AF8-E85E-4219-AC73-0FC982C4AFA8}.Debug|Win32.Build.0 = Debug|Win32
		{A1233AF8-E85E-4219-AC73-0FC982C4AFA8}.Debug|x64.ActiveCfg = Debug|x64
		{A1233AF8-E85E-4219-AC73-0FC982C4AFA8}.Debug|x64.Build.0 = Debug|x64
		{A1233AF8-E85E-4219-AC73-0FC982C4AFA8}.Release|Win32.ActiveCfg = Release|Win32
		{A1233AF8-E85E-4219-AC73-0FC982C4AFA8}.Release|Win32.Build.0 = Release|Win32
		{A1233AF8-E85E-4219-AC73-0FC982C4AFA8}.Release|x64.ActiveCfg = Release|x64
		{A1233AF8-E85E-4219-AC73-0FC982C4AFA8}.Release|x64.Build.0 = Release|x64
		{124894C3-9953-4F7D-B13D-4DEEF781725A}.Debug|Win32.ActiveCfg = Debug|Win32
		{124894C3-9953-4F7D-B13D-4DEEF781725A}.Debug|Win32.Build.0 = Debug|Win32
		{124894C3-9953-4F7D-B13D-4DEEF781725A}.Debug|x64.ActiveCfg = Debug|x64
		{124894C3-9953-4F7D-B13D-4DEEF781725A}.Debug|x64.Build.0 = Debug|x64
		{124894C3-9953-4F7D-B13D-4DEEF781725A}.Release|Win32.ActiveCfg = Release|Win32
		{124894C3-9953-4F7D-B13D-4DEEF781725A}.Release|Win32.Build.0 = Release|Win32
		{124894C3-9953-4F7D-B13D-4DEEF781725A}.Release|x64.ActiveCfg = Release|x64
		{124894C3-9953-4F7D-B13D-4DEEF781725A}.Release|x64.Build.0 = Release|x64
		{576B0B6B-2D0A-4535-B17C-9527C707A030}.Debug|Win32.ActiveCfg = Debug|Win32
		{576B0B6B-2D0A-4535-B17C-9527C707A030}.Debug|Win32.Build.0 = Debug|Win32
		{576B0B6B-2D0A-4535-B17C-9527C707A030}.Debug|x64.ActiveCfg = Debug|x64
		{576B0B6B-2D0A-4535-B17C-9527C707A030}.Debug|x64.Build.0 = Debug|x64
		{576B0B6B-2D0A-4535-B17C-9527C707A030}.Release|Win32.ActiveCfg = Release|Win32
		{576B0B6B-2D0A-4535-B17C-9527C707A030}.Release|Win32.Build.0 = Release|Win32
		{576B0B6B-2D0A-4535-B17C-9527C707A030}.Release|x64.ActiveCfg = Release|x64
		{576B0B6B-2D0A-4535-B17C-9527C707A030}.Release|x64.Build.0 = Release|x64
		{1EF80396-E10B-44A9-8F76-28B222108AF6}.Debug|Win32.ActiveCfg = Debug|Win32
		{1EF80396-E10B-44A9-8F76-28B222108AF6}.Debug|Win32.Build.0 = Debug|Win32
		{1EF80396-E10B-44A9-8F76-28B222108AF6}.Debug|x64.ActiveCfg = Debug|x64
		{1EF80396-E10B-44A9-8F76-28B222108AF6}.Debug|x64.Build.0 = Debug|x64
		{1EF80396-E10B-44A9-8F76-28B222108AF6}.Release|Win32.ActiveCfg = Release|Win32
		{1EF80396-E10B-44A9-8F76-28B222108AF6}.Release|Win32.Build.0 = Release|Win32
		{1EF80396-E10B-44A9-8F76-28B222108AF6}.Release|x64.ActiveCfg = Release|x64
		{1EF80396-E10B-44A9-8F76-28B222108AF6}.Release|x64.Build.0 = Release|x64
		{BCEC94DC-9C88-4BC6-993E-EB546DC45F29}.Debug|Win32.ActiveCfg = Debug|Win32
		{BCEC94DC-9C88-4BC6-993E-EB546DC45F29}.Debug|Win32.Build.0 = Debug|Win32
		{BCEC94DC-9C88-4BC6-993E-EB546DC45F29}.Debug|x64.ActiveCfg = Debug|x64
		{BCEC94DC-9C88-4BC6-993E-EB546DC45F29}.Debug|x64.Build.0 = Debug|x64
		{BCEC94DC-9C88-4BC6-993E-EB546DC45F29}.Release|Win32.ActiveCfg = Release|Win32
		{BCEC94DC-9C88-4BC6-993E-EB546DC45F29}.Release|Win32.Build.0 = Release|Win32
		{BCEC94DC-9C88-4BC6-993E-EB546DC45F29}.Release|x64.ActiveCfg = Release|x64
		{BCEC94DC-9C88-4BC6-993E-EB546DC45F29}.Release|x64.Build.0 = Release|x64
		{E1C5AA3F-075D-4194-83CC-C88F6BAFC2CD}.Debug|Win32.ActiveCfg = Debug|Win32
		{E1C5AA3F-075D-4194-83CC-C88F6BAFC2CD}.Debug|Win32.Build.0 = Debug|Win32
		{E1C5AA3F-075D-4194-83CC-C88F6BAFC2CD}.Debug|x64.ActiveCfg = Debug|x64
		{E1C5AA3F-075D-4194-83CC-C88F6BAFC2CD}.Debug|x64.Build.0 = Debug|x64
		{E1C5AA3F-075D-4194-83CC-C88F6BAFC2CD}.Release|Win32.ActiveCfg = Release|Win32
		{E1C5AA3F-075D-4194-83CC-C88F6BAFC2CD}.Release|Win32.Build.0 = Release|Win32
		{E1C5AA3F-075D-4194-83CC-C88F6BAFC2CD}.Release|x64.ActiveCfg = Release|x64
		{E1C5AA3F-075D-4194-83CC-C88F6BAFC2CD}.Release|x64.Build.0 = Release|x64
		{B12702AD-ABFB-343A-A199-8E24837244A3}.Debug|Win32.ActiveCfg = Debug|Win32
		{B12702AD-ABFB-343A-A199-8E24837244A3}.Debug|Win32.Build.0 = Debug|Win32
		{B12702AD-ABFB-343A-A199-8E24837244A3}.Debug|x64.ActiveCfg = Debug|x64
		{B12702AD-ABFB-343A-A199-8E24837244A3}.Debug|x64.Build.0 = Debug|x64
		{B12702AD-ABFB-343A-A199-8E24837244A3}.Release|Win32.ActiveCfg = Release|Win32
		{B12702AD-ABFB-343A-A199-8E24837244A3}.Release|Win32.Build.0 = Release|Win32
		{B12702AD-ABFB-343A-A199-8E24837244A3}.Release|x64.ActiveCfg = Release|x64
		{B12702AD-ABFB-343A-A199-8E24837244A3}.Release|x64.Build.0 = Release|x64
		{6D399A54-3CA9-432D-A521-675DC99C4608}.Debug|Win32.ActiveCfg = Debug|Win32
		{6D399A54-3CA9-432D-A521-675DC99C4608}.Debug|Win32.Build.0 = Debug|Win32
		{6D399A54-3CA9-432D-A521-675DC99C4608}.Debug|x64.ActiveCfg = Debug|x64
		{6D399A54-3CA9-432D-A521-675DC99C4608}.Debug|x64.Build.0 = Debug|x64
		{6D399A54-3CA9-432D-A521-675DC99C4608}.Release|Win32.ActiveCfg = Release|Win32
		{6D399A54-3CA9-432D-A521-675DC99C4608}.Release|Win32.Build.0 = Release|Win32
		{6D399A54-3CA9-432D-A521-675DC99C4608}.Release|x64.ActiveCfg = Release|x64
		{6D399A54-3CA9-432D-A521-675DC99C4608}.Release|x64.Build.0 = Release|x64
		{225F7CF1-2743-4AEF-BF7F-F77BDB833C4B}.Debug|Win32.ActiveCfg = Debug|Win32
		{225F7CF1-2743-4AEF-BF7F-F77BDB833C4B}.Debug|Win32.Build.0 = Debug|Win32
		{225F7CF1-2743-4AEF-BF7F-F77BDB833C4B}.Debug|x64.ActiveCfg = Debug|x64
		{225F7CF1-2743-4AEF-BF7F-F77BDB833C4B}.Debug|x64.Build.0 = Debug|x64
		{225F7CF1-2743-4AEF-BF7F-F77BDB833C4B}.Release|Win32.ActiveCfg = Release|Win32
		{225F7CF1-2743-4AEF-BF7F-F77BDB833C4B}.Release|Win32.Build.0 = Release|Win32
		{225F7CF1-2743-4AEF-BF7F-F77BDB833C4B}.Release|x64.ActiveCfg = Release|x64
		{225F7CF1-2743-4AEF-BF7F-F77BDB833C4B}.Release|x64.Build.0 = Release|x64
		{D8428FE4-8C01-4BBF-8A89-73E7FA0A17B7}.Debug|Win32.ActiveCfg = Debug|Win32
		{D8428FE4-8C01-4BBF-8A89-73E7FA0A17B7}.Debug|Win32.Build.0 = Debug|Win32
		{D8428FE4-8C01-4BBF-8A89-73E7FA0A17B7}.Debug|x64.ActiveCfg = Debug|x64
		{D8428FE4-8C01-4BBF-8A89-73E7FA0A17B7}.Debug|x64.Build.0 = Debug|x64
		{D8428FE4-8C01-4BBF-8A89-73E7FA0A17B7}.Release|Win32.ActiveCfg = Release|Win32
		{D8428FE4-8C01-4BBF-8A89-73E7FA0A17B7}.Release|Win32.Build.0 = Release|Win32
		{D8428FE4-8C01-4BBF-8A89-73E7FA0A17B7}.Release|x64.ActiveCfg = Release|x64
		{D8428FE4-8C01-4BBF-8A89-73E7FA0A17B7}.Release|x64.Build.0 = Release|x64
		{142B5CC0-A019-41AE-881F-DB247EC67EC4}.Debug|Win32.ActiveCfg = Debug|Win32
		{142B5CC0-A019-41AE-881F-DB247EC67EC4}.Debug|Win32.Build.0 = Debug|Win32
		{142B5CC0-A019-41AE-881F-DB247EC67EC4}.Debug|x64.ActiveCfg = Debug|x64
		{142B5CC0-A019-41AE-881F-DB247EC67EC4}.Debug|x64.Build.0 = Debug|x64
		{142B5CC0-A019-41AE-881F-DB247EC67EC4}.Release|Win32.ActiveCfg = Release|Win32
		{142B5CC0-A019-41AE-881F-DB247EC67EC4}.Release|Win32.Build.0 = Release|Win32
		{142B5CC0-A019-41AE-881F-DB247EC67EC4}.Release|x64.ActiveCfg = Release|x64
		{142B5CC0-A019-41AE-881F-DB247EC67EC4}.Release|x64.Build.0 = Release|x64
		{3E80580A-FB5C-47F2-8B25-67F324E40AA5}.Debug|Win32.ActiveCfg = Debug|Win32
		{3E80580A-FB5C-47F2-8B25-67F324E40AA5}.Debug|Win32.Build.0 = Debug|Win32
		{3E80580A-FB5C-47F2-8B25-67F324E40AA5}.Debug|x64.ActiveCfg = Debug|x64
		{3E80580A-FB5C-47F2-8B25-67F324E40AA5}.Debug|x64.Build.0 = Debug|x64
		{3E80580A-FB5C-47F2-8B25-67F324E40AA5}.Release|Win32.ActiveCfg = Release|Win32
		{3E80580A-FB5C-47F2-8B25-67F324E40AA5}.Release|Win32.Build.0 = Release|Win32
		{3E80580A-FB5C-47F2-8B25-67F324E40AA5}.Release|x64.ActiveCfg = Release|x64
		{3E80580A-FB5C-47F2-8B25-67F324E40AA5}.Release|x64.Build.0 = Release|x64
		{EE3598A2-0A17-4A3E-B168-17BE77B1F2C2}.Debug|Win32.ActiveCfg = Debug|Win32
		{EE3598A2-0A17-4A3E-B168-17BE77B1F2C2}.Debug|Win32.Build.0 = Debug|Win32
		{EE3598A2-0A17-4A3E-B168-17BE77B1F2C2}.Debug|x64.ActiveCfg = Debug|x64
		{EE3598A2-0A17-4A3E-B168-17BE77B1F2C2}.Debug|x64.Build.0 = Debug|x64
		{EE3598A2-0A17-4A3E-B168-17BE77B1F2C2}.Release|Win32.ActiveCfg = Release|Win32
		{EE3598A2-0A17-4A3E-B168-17BE77B1F2C2}.Release|Win32.Build.0 = Release|Win32
		{EE3598A2-0A17-4A3E-B168-17BE77B1F2C2}.Release|x64.ActiveCfg = Release|x64
		{EE3598A2-0A17-4A3E-B168-17BE77B1F2C2}.Release|x64.Build.0 = Release|x64
		{40B2F358-51FE-45B5-8390-28D500801EB0}.Debug|Win32.ActiveCfg = Debug|Win32
		{40B2F358-51FE-45B5-8390-28D500801EB0}.Debug|Win32.Build.0 = Debug|Win32
		{40B2F358-51FE-45B5-8390-28D500801EB0}.Debug|x64.ActiveCfg = Debug|x64
		{40B2F358-51FE-45B5-8390-28D500801EB0}.Debug|x64.Build.0 = Debug|x64
		{40B2F358-51FE-45B5-8390-28D500801EB0}.Release|Win32.ActiveCfg = Release|Win32
		{40B2F358-51FE-45B5-8390-28D500801EB0}.Release|Win32.Build.0 = Release|Win32
		{40B2F358-51FE-45B5-8390-28D500801EB0}.Release|x64.ActiveCfg = Release|x64
		{40B2F358-51FE-45B5-8390-28D500801EB0}.Release|x64.Build.0 = Release|x64
		{D8FBD935-E81E-4036-9717-43F0DCF73B41}.Debug|Win32.ActiveCfg = Debug|Win32
		{D8FBD935-E81E-4036-9717-43F0DCF73B41}.Debug|Win32.Build.0 = Debug|Win32
		{D8FBD935-E81E-4036-9717-43F0DCF73B41}.Debug|x64.ActiveCfg = Debug|x64
		{D8FBD935-E81E-4036-9717-43F0DCF73B41}.Debug|x64.Build.0 = Debug|x64
		{D8FBD935-E81E-4036-9717-43F0DCF73B41}.Release|Win32.ActiveCfg = Release|Win32
		{D8FBD935-E81E-4036-9717-43F0DCF73B41}.Release|Win32.Build.0 = Release|Win32
		{D8FBD935-E81E-4036-9717-43F0DCF73B41}.Release|x64.ActiveCfg = Release|x64
		{D8FBD935-E81E-4036-9717-43F0DCF73B41}.Release|x64.Build.0 = Release|x64
		{DEF31292-41BE-47BE-A63B-83EAA4E75658}.Debug|Win32.ActiveCfg = Debug|Win32
		{DEF31292-41BE-47BE-A63B-83EAA4E75658}.Debug|Win32.Build.0 = Debug|Win32
		{DEF31292-41BE-47BE-A63B-83EAA4E75658}.Debug|x64.ActiveCfg = Debug|x64
		{DEF31292-41BE-47BE-A63B-83EAA4E75658}.Debug|x64.Build.0 = Debug|x64
		{DEF31292-41BE-47BE-A63B-83EAA4E75658}.Release|Win32.ActiveCfg = Release|Win32
		{DEF31292-41BE-47BE-A63B-83EAA4E75658}.Release|Win32.Build.0 = Release|Win32
		{DEF31292-41BE-47BE-A63B-83EAA4E75658}.Release|x64.ActiveCfg = Release|x64
		{DEF31292-41BE-47BE-A63B-83EAA4E75658}.Release|x64.Build.0 = Release|x64
		{6BA6DD8A-8968-4F0F-ADF1-D7E41FD44B3F}.Debug|Win32.ActiveCfg = Debug|Win32
		{6BA6DD8A-8968-4F0F-ADF1-D7E41FD44B3F}.Debug|Win32.Build.0 = Debug|Win32
		{6BA6DD8A-8968-4F0F-ADF1-D7E41FD44B3F}.Debug|x64.ActiveCfg = Debug|x64
		{6BA6DD8A-8968-4F0F-ADF1-D7E41FD44B3F}.Debug|x64.Build.0 = Debug|x64
		{6BA6DD8A-8968-4F0F-ADF1-D7E41FD44B3F}.Release|Win32.ActiveCfg = Release|Win32
		{6BA6DD8A-8968-4F0F-ADF1-D7E41FD44B3F}.Release|Win32.Build.0 = Release|Win32
		{6BA6DD8A-8968-4F0F-ADF1-D7E41FD44B3F}.Release|x64.ActiveCfg = Release|x64
		{6BA6DD8A-8968-4F0F-ADF1-D7E41FD44B3F}.Release|x64.Build.0 = Release|x64
		{3A96A63A-7706-48E7-8F2D-BA9F00BCB478}.Debug|Win32.ActiveCfg = Debug|Win32
		{3A96A63A-7706-48E7-8F2D-BA9F00BCB478}.Debug|Win32.Build.0 = Debug|Win32
		{3A96A63A-7706-48E7-8F2D-BA9F00BCB478}.Debug|x64.ActiveCfg = Debug|x64
		{3A96A63A-7706-48E7-8F2D-BA9F00BCB478}.Debug|x64.Build.0 = Debug|x64
		{3A96A63A-7706-48E7-8F2D-BA9F00BCB478}.Release|Win32.ActiveCfg = Release|Win32
		{3A96A63A-7706-48E7-8F2D-BA9F00BCB478}.Release|Win32.Build.0 = Release|Win32
		{3A96A63A-7706-48E7-8F2D-BA9F00BCB478}.Release|x64.ActiveCfg = Release|x64
		{3A96A63A-7706-48E7-8F2D-BA9F00BCB478}.Release|x64.Build.0 = Release|x64
		{827C9E4F-A296-4E9A-BB9C-FDAC7D697BDA}.Debug|Win32.ActiveCfg = Debug|Win32
		{827C9E4F-A296-4E9A-BB9C-FDAC7D697BDA}.Debug|Win32.Build.0 = Debug|Win32
		{827C9E4F-A296-4E9A-BB9C-FDAC7D697BDA}.Debug|x64.ActiveCfg = Debug|x64
		{827C9E4F-A296-4E9A-BB9C-FDAC7D697BDA}.Debug|x64.Build.0 = Debug|x64
		{827C9E4F-A296-4E9A-BB9C-FDAC7D697BDA}.Release|Win32.ActiveCfg = Release|Win32
		{827C9E4F-A296-4E9A-BB9C-FDAC7D697BDA}.Release|Win32.Build.0 = Release|Win32
		{827C9E4F-A296-4E9A-BB9C-FDAC7D697BDA}.Release|x64.ActiveCfg = Release|x64
		{827C9E4F-A296-4E9A-BB9C-FDAC7D697BDA}.Release|x64.Build.0 = Release|x64
		{BB47F191-F597-42E3-B008-9D9702429505}.Debug|Win32.ActiveCfg = Debug|Win32
		{BB47F191-F597-42E3-B008-9D9702429505}.Debug|Win32.Build.0 = Debug|Win32
		{BB47F191-F597-42E3-B008-9D9702429505}.Debug|x64.ActiveCfg = Debug|x64
		{BB47F191-F597-42E3-B008-9D9702429505}.Debug|x64.Build.0 = Debug|x64
		{BB47F191-F597-42E3-B008-9D9702429505}.Release|Win32.ActiveCfg = Release|Win32
		{BB47F191-F597-42E3-B008-9D9702429505}.Release|Win32.Build.0 = Release|Win32
		{BB47F191-F597-42E3-B008-9D9702429505}.Release|x64.ActiveCfg = Release|x64
		{BB47F191-F597-42E3-B008-9D9702429505}.Release|x64.Build.0 = Release|x64
		{61A9D4C5-6BE6-4BA1-B5A6-0DB6D0917055}.Debug|Win32.ActiveCfg = Debug|Win32
		{61A9D4C5-6BE6-4BA1-B5A6-0DB6D0917055}.Debug|Win32.Build.0 = Debug|Win32
		{61A9D4C5-6BE6-4BA1-B5A6-0DB6D0917055}.Debug|x64.ActiveCfg = Debug|x64
		{61A9D4C5-6BE6-4BA1-B5A6-0DB6D0917055}.Debug|x64.Build.0 = Debug|x64
		{61A9D4C5-6BE6-4BA1-B5A6-0DB6D0917055}.Release|Win32.ActiveCfg = Release|Win32
		{61A9D4C5-6BE6-4BA1-B5A6-0DB6D0917055}.Release|Win32.Build.0 = Release|Win32
		{61A9D4C5-6BE6-4BA1-B5A6-0DB6D0917055}.Release|x64.ActiveCfg = Release|x64
		{61A9D4C5-6BE6-4BA1-B5A6-0DB6D0917055}.Release|x64.Build.0 = Release|x64
		{B3CF3DF0-8959-4EAA-8779-C6665C929337}.Debug|Win32.ActiveCfg = Debug|Win32
		{B3CF3DF0-8959-4EAA-8779-C6665C929337}.Debug|Win32.Build.0 = Debug|Win32
		{B3CF3DF0-8959-4EAA-8779-C6665C929337}.Debug|x64.ActiveCfg = Debug|x64
		{B3CF3DF0-8959-4EAA-8779-C6665C929337}.Debug|x64.Build.0 = Debug|x64
		{B3CF3DF0-8959-4EAA-8779-C6665C929337}.Release|Win32.ActiveCfg = Release|Win32
		{B3CF3DF0-8959-4EAA-8779-C6665C929337}.Release|Win32.Build.0 = Release|Win32
		{B3CF3DF0-8959-4EAA-8779-C6665C929337}.Release|x64.ActiveCfg = Release|x64
		{B3CF3DF0-8959-4EAA-8779-C6665C929337}.Release|x64.Build.0 = Release|x64
		{35FEC412-5AD4-4BFC-8918-188CAB832572}.Debug|Win32.ActiveCfg = Debug|Win32
		{35FEC412-5AD4-4BFC-8918-188CAB832572}.Debug|Win32.Build.0 = Debug|Win32
		{35FEC412-5AD4-4BFC-8918-188CAB832572}.Debug|x64.ActiveCfg = Debug|x64
		{35FEC412-5AD4-4BFC-8918-188CAB832572}.Debug|x64.Build.0 = Debug|x64
		{35FEC412-5AD4-4BFC-8918-188CAB832572}.Release|Win32.ActiveCfg = Release|Win32
		{35FEC412-5AD4-4BFC-8918-188CAB832572}.Release|Win32.Build.0 = Release|Win32
		{35FEC412-5AD4-4BFC-8918-188CAB832572}.Release|x64.ActiveCfg = Release|x64
		{35FEC412-5AD4-4BFC-8918-188CAB832572}.Release|x64.Build.0 = Release|x64
		{C766EEF2-44CF-4689-9850-78BEB5045498}.Debug|Win32.ActiveCfg = Debug|Win32
		{C766EEF2-44CF-4689-9850-78BEB5045498}.Debug|Win32.Build.0 = Debug|Win32
		{C766EEF2-44CF-4689-9850-78BEB5045498}.Debug|x64.ActiveCfg = Debug|x64
		{C766EEF2-44CF-4689-9850-78BEB5045498}.Debug|x64.Build.0 = Debug|x64
		{C766EEF2-44CF-4689-9850-78BEB5045498}.Release|Win32.ActiveCfg = Release|Win32
		{C766EEF2-44CF-4689-9850-78BEB5045498}.Release|Win32.Build.0 = Release|Win32
		{C766EEF2-44CF-4689-9850-78BEB5045498}.Release|x64.ActiveCfg = Release|x64
		{C766EEF2-44CF-4689-9850-78BEB5045498}.Release|x64.Build.0 = Release|x64
	EndGlobalSection
	GlobalSection(SolutionProperties) = preSolution
		HideSolutionNode = FALSE
	EndGlobalSection
	GlobalSection(NestedProjects) = preSolution
		{6CFBC041-5711-4E58-8414-AD58BF1E32D8} = {8C8F1D36-1877-4C86-AA75-73543A3EB81D}
		{5D8EAE74-A7C8-47FC-9B57-DF2980E923F0} = {8C8F1D36-1877-4C86-AA75-73543A3EB81D}
		{9CCE42A2-4DF1-4EB1-9C30-D56A20B0C210} = {5D8EAE74-A7C8-47FC-9B57-DF2980E923F0}
		{F0D7297D-E047-48D8-9B84-5FE5D2B72CBC} = {5D8EAE74-A7C8-47FC-9B57-DF2980E923F0}
		{E2E8FA63-5303-4F27-9A48-6D3D28172DCB} = {5D8EAE74-A7C8-47FC-9B57-DF2980E923F0}
		{A1233AF8-E85E-4219-AC73-0FC982C4AFA8} = {6CFBC041-5711-4E58-8414-AD58BF1E32D8}
		{124894C3-9953-4F7D-B13D-4DEEF781725A} = {6CFBC041-5711-4E58-8414-AD58BF1E32D8}
		{576B0B6B-2D0A-4535-B17C-9527C707A030} = {6CFBC041-5711-4E58-8414-AD58BF1E32D8}
		{1EF80396-E10B-44A9-8F76-28B222108AF6} = {6CFBC041-5711-4E58-8414-AD58BF1E32D8}
		{BCEC94DC-9C88-4BC6-993E-EB546DC45F29} = {4375CDEA-5879-40F2-B600-70DE49B0AF2B}
		{E1C5AA3F-075D-4194-83CC-C88F6BAFC2CD} = {4375CDEA-5879-40F2-B600-70DE49B0AF2B}
		{B12702AD-ABFB-343A-A199-8E24837244A3} = {CBAE8933-F36F-4EB3-AF57-A52E9876E0A3}
		{6D399A54-3CA9-432D-A521-675DC99C4608} = {8C8F1D36-1877-4C86-AA75-73543A3EB81D}
		{225F7CF1-2743-4AEF-BF7F-F77BDB833C4B} = {4375CDEA-5879-40F2-B600-70DE49B0AF2B}
		{D8428FE4-8C01-4BBF-8A89-73E7FA0A17B7} = {6CFBC041-5711-4E58-8414-AD58BF1E32D8}
		{142B5CC0-A019-41AE-881F-DB247EC67EC4} = {6CFBC041-5711-4E58-8414-AD58BF1E32D8}
		{3E80580A-FB5C-47F2-8B25-67F324E40AA5} = {D66FBB3B-2E30-4C4E-B5B9-A57549617046}
		{EE3598A2-0A17-4A3E-B168-17BE77B1F2C2} = {D66FBB3B-2E30-4C4E-B5B9-A57549617046}
		{40B2F358-51FE-45B5-8390-28D500801EB0} = {4375CDEA-5879-40F2-B600-70DE49B0AF2B}
		{DEF31292-41BE-47BE-A63B-83EAA4E75658} = {4375CDEA-5879-40F2-B600-70DE49B0AF2B}
		{6BA6DD8A-8968-4F0F-ADF1-D7E41FD44B3F} = {CBAE8933-F36F-4EB3-AF57-A52E9876E0A3}
		{3A96A63A-7706-48E7-8F2D-BA9F00BCB478} = {6CFBC041-5711-4E58-8414-AD58BF1E32D8}
		{61A9D4C5-6BE6-4BA1-B5A6-0DB6D0917055} = {CBAE8933-F36F-4EB3-AF57-A52E9876E0A3}
		{B3CF3DF0-8959-4EAA-8779-C6665C929337} = {D66FBB3B-2E30-4C4E-B5B9-A57549617046}
		{35FEC412-5AD4-4BFC-8918-188CAB832572} = {CBAE8933-F36F-4EB3-AF57-A52E9876E0A3}
		{C766EEF2-44CF-4689-9850-78BEB5045498} = {CBAE8933-F36F-4EB3-AF57-A52E9876E0A3}
	EndGlobalSection
	GlobalSection(ExtensibilityGlobals) = postSolution
		Qt5Version = $(DefaultQtVersion)
	EndGlobalSection
EndGlobal
