<?xml version="1.0" encoding="utf-8"?>
<Project ToolsVersion="4.0" xmlns="http://schemas.microsoft.com/developer/msbuild/2003">
  <ItemGroup>
    <Filter Include="Source Files">
      <UniqueIdentifier>{4FC737F1-C7A5-4376-A066-2A32D752A2FF}</UniqueIdentifier>
      <Extensions>cpp;c;cc;cxx;def;odl;idl;hpj;bat;asm;asmx</Extensions>
    </Filter>
    <Filter Include="Header Files">
      <UniqueIdentifier>{93995380-89BD-4b04-88EB-625FBE52EBFB}</UniqueIdentifier>
      <Extensions>h;hh;hpp;hxx;hm;inl;inc;xsd</Extensions>
    </Filter>
    <Filter Include="Resource Files">
      <UniqueIdentifier>{D9D6E242-F8AF-46E4-B9FD-80ECBC20BA3E}</UniqueIdentifier>
      <Extensions>qrc;*</Extensions>
      <ParseFiles>false</ParseFiles>
    </Filter>
    <Filter Include="Resource Files">
      <UniqueIdentifier>{D9D6E242-F8AF-46E4-B9FD-80ECBC20BA3E}</UniqueIdentifier>
      <Extensions>qrc;*</Extensions>
      <ParseFiles>false</ParseFiles>
    </Filter>
    <Filter Include="Generated Files">
      <UniqueIdentifier>{71ED8ED8-ACB9-4CE9-BBE1-E00B30144E11}</UniqueIdentifier>
      <Extensions>moc;h;cpp</Extensions>
      <SourceControlFiles>False</SourceControlFiles>
    </Filter>
    <Filter Include="Source Files\Java">
      <UniqueIdentifier>{9708be70-c7da-4d04-bbc6-3f306623eb80}</UniqueIdentifier>
    </Filter>
  </ItemGroup>
  <ItemGroup>
    <ClCompile Include="stdafx.cpp">
      <Filter>Source Files</Filter>
    </ClCompile>
    <ClCompile Include="Basic.cpp">
      <Filter>Source Files</Filter>
    </ClCompile>
    <ClCompile Include="Simplified.cpp">
      <Filter>Source Files</Filter>
    </ClCompile>
    <ClCompile Include="Extended.cpp">
      <Filter>Source Files</Filter>
    </ClCompile>
    <ClCompile Include="Advanced.cpp">
      <Filter>Source Files</Filter>
    </ClCompile>
    <ClCompile Include="Callbacks.cpp">
      <Filter>Source Files</Filter>
    </ClCompile>
    <ClCompile Include="Custom.cpp">
      <Filter>Source Files</Filter>
    </ClCompile>
    <ClCompile Include="Convert.cpp">
      <Filter>Source Files</Filter>
    </ClCompile>
    <ClCompile Include="JNIEnv.cpp">
      <Filter>Source Files</Filter>
    </ClCompile>
    <ClCompile Include="Functor.cpp">
      <Filter>Source Files</Filter>
    </ClCompile>
    <ClCompile Include="Sequences.cpp">
      <Filter>Source Files</Filter>
    </ClCompile>
  </ItemGroup>
  <ItemGroup>
    <ClInclude Include="stdafx.h">
      <Filter>Header Files</Filter>
    </ClInclude>
    <ClInclude Include="Convert.h">
      <Filter>Header Files</Filter>
    </ClInclude>
    <ClInclude Include="JNIEnv.h">
      <Filter>Header Files</Filter>
    </ClInclude>
    <ClInclude Include="Functor.h">
      <Filter>Header Files</Filter>
    </ClInclude>
    <ClInclude Include="TRN4JAVA_Advanced.h">
      <Filter>Header Files</Filter>
    </ClInclude>
    <ClInclude Include="TRN4JAVA_Advanced_Engine.h">
      <Filter>Header Files</Filter>
    </ClInclude>
    <ClInclude Include="TRN4JAVA_Advanced_Engine_Events.h">
      <Filter>Header Files</Filter>
    </ClInclude>
    <ClInclude Include="TRN4JAVA_Advanced_Engine_Events_Ack.h">
      <Filter>Header Files</Filter>
    </ClInclude>
    <ClInclude Include="TRN4JAVA_Advanced_Engine_Events_Allocated.h">
      <Filter>Header Files</Filter>
    </ClInclude>
    <ClInclude Include="TRN4JAVA_Advanced_Engine_Events_Completed.h">
      <Filter>Header Files</Filter>
    </ClInclude>
    <ClInclude Include="TRN4JAVA_Advanced_Engine_Events_Configured.h">
      <Filter>Header Files</Filter>
    </ClInclude>
    <ClInclude Include="TRN4JAVA_Advanced_Engine_Events_Deallocated.h">
      <Filter>Header Files</Filter>
    </ClInclude>
    <ClInclude Include="TRN4JAVA_Advanced_Engine_Events_Primed.h">
      <Filter>Header Files</Filter>
    </ClInclude>
    <ClInclude Include="TRN4JAVA_Advanced_Engine_Events_Processor.h">
      <Filter>Header Files</Filter>
    </ClInclude>
    <ClInclude Include="TRN4JAVA_Advanced_Engine_Events_Tested.h">
      <Filter>Header Files</Filter>
    </ClInclude>
    <ClInclude Include="TRN4JAVA_Advanced_Engine_Events_Trained.h">
      <Filter>Header Files</Filter>
    </ClInclude>
    <ClInclude Include="TRN4JAVA_Advanced_Simulation.h">
      <Filter>Header Files</Filter>
    </ClInclude>
    <ClInclude Include="TRN4JAVA_Advanced_Simulation_Encoder.h">
      <Filter>Header Files</Filter>
    </ClInclude>
    <ClInclude Include="TRN4JAVA_Advanced_Simulation_Encoder_Custom.h">
      <Filter>Header Files</Filter>
    </ClInclude>
    <ClInclude Include="TRN4JAVA_Advanced_Simulation_Loop.h">
      <Filter>Header Files</Filter>
    </ClInclude>
    <ClInclude Include="TRN4JAVA_Advanced_Simulation_Loop_Custom.h">
      <Filter>Header Files</Filter>
    </ClInclude>
    <ClInclude Include="TRN4JAVA_Advanced_Simulation_Measurement.h">
      <Filter>Header Files</Filter>
    </ClInclude>
    <ClInclude Include="TRN4JAVA_Advanced_Simulation_Measurement_Position.h">
      <Filter>Header Files</Filter>
    </ClInclude>
    <ClInclude Include="TRN4JAVA_Advanced_Simulation_Measurement_Position_FrechetDistance.h">
      <Filter>Header Files</Filter>
    </ClInclude>
    <ClInclude Include="TRN4JAVA_Advanced_Simulation_Measurement_Position_MeanSquareError.h">
      <Filter>Header Files</Filter>
    </ClInclude>
    <ClInclude Include="TRN4JAVA_Advanced_Simulation_Measurement_Position_Raw.h">
      <Filter>Header Files</Filter>
    </ClInclude>
    <ClInclude Include="TRN4JAVA_Advanced_Simulation_Measurement_Readout.h">
      <Filter>Header Files</Filter>
    </ClInclude>
    <ClInclude Include="TRN4JAVA_Advanced_Simulation_Measurement_Readout_FrechetDistance.h">
      <Filter>Header Files</Filter>
    </ClInclude>
    <ClInclude Include="TRN4JAVA_Advanced_Simulation_Measurement_Readout_MeanSquareError.h">
      <Filter>Header Files</Filter>
    </ClInclude>
    <ClInclude Include="TRN4JAVA_Advanced_Simulation_Measurement_Readout_Raw.h">
      <Filter>Header Files</Filter>
    </ClInclude>
    <ClInclude Include="TRN4JAVA_Advanced_Simulation_Recording.h">
      <Filter>Header Files</Filter>
    </ClInclude>
    <ClInclude Include="TRN4JAVA_Advanced_Simulation_Recording_Performances.h">
      <Filter>Header Files</Filter>
    </ClInclude>
    <ClInclude Include="TRN4JAVA_Advanced_Simulation_Recording_Scheduling.h">
      <Filter>Header Files</Filter>
    </ClInclude>
    <ClInclude Include="TRN4JAVA_Advanced_Simulation_Recording_States.h">
      <Filter>Header Files</Filter>
    </ClInclude>
    <ClInclude Include="TRN4JAVA_Advanced_Simulation_Recording_Weights.h">
      <Filter>Header Files</Filter>
    </ClInclude>
    <ClInclude Include="TRN4JAVA_Advanced_Simulation_Reservoir.h">
      <Filter>Header Files</Filter>
    </ClInclude>
    <ClInclude Include="TRN4JAVA_Advanced_Simulation_Reservoir_Weights.h">
      <Filter>Header Files</Filter>
    </ClInclude>
    <ClInclude Include="TRN4JAVA_Advanced_Simulation_Reservoir_Weights_Feedback.h">
      <Filter>Header Files</Filter>
    </ClInclude>
    <ClInclude Include="TRN4JAVA_Advanced_Simulation_Reservoir_Weights_Feedback_Custom.h">
      <Filter>Header Files</Filter>
    </ClInclude>
    <ClInclude Include="TRN4JAVA_Advanced_Simulation_Reservoir_Weights_Feedforward.h">
      <Filter>Header Files</Filter>
    </ClInclude>
    <ClInclude Include="TRN4JAVA_Advanced_Simulation_Reservoir_Weights_Feedforward_Custom.h">
      <Filter>Header Files</Filter>
    </ClInclude>
    <ClInclude Include="TRN4JAVA_Advanced_Simulation_Reservoir_Weights_Readout.h">
      <Filter>Header Files</Filter>
    </ClInclude>
    <ClInclude Include="TRN4JAVA_Advanced_Simulation_Reservoir_Weights_Readout_Custom.h">
      <Filter>Header Files</Filter>
    </ClInclude>
    <ClInclude Include="TRN4JAVA_Advanced_Simulation_Reservoir_Weights_Recurrent.h">
      <Filter>Header Files</Filter>
    </ClInclude>
    <ClInclude Include="TRN4JAVA_Advanced_Simulation_Reservoir_Weights_Recurrent_Custom.h">
      <Filter>Header Files</Filter>
    </ClInclude>
    <ClInclude Include="TRN4JAVA_Advanced_Simulation_Scheduler.h">
      <Filter>Header Files</Filter>
    </ClInclude>
    <ClInclude Include="TRN4JAVA_Advanced_Simulation_Scheduler_Custom.h">
      <Filter>Header Files</Filter>
    </ClInclude>
    <ClInclude Include="TRN4JAVA_Advanced_Simulation_Scheduler_Mutator.h">
      <Filter>Header Files</Filter>
    </ClInclude>
    <ClInclude Include="TRN4JAVA_Advanced_Simulation_Scheduler_Mutator_Custom.h">
      <Filter>Header Files</Filter>
    </ClInclude>
    <ClInclude Include="TRN4JAVA_Basic.h">
      <Filter>Header Files</Filter>
    </ClInclude>
    <ClInclude Include="TRN4JAVA_Basic_Engine.h">
      <Filter>Header Files</Filter>
    </ClInclude>
    <ClInclude Include="TRN4JAVA_Basic_Engine_Backend.h">
      <Filter>Header Files</Filter>
    </ClInclude>
    <ClInclude Include="TRN4JAVA_Basic_Engine_Backend_Distributed.h">
      <Filter>Header Files</Filter>
    </ClInclude>
    <ClInclude Include="TRN4JAVA_Basic_Engine_Backend_Local.h">
      <Filter>Header Files</Filter>
    </ClInclude>
    <ClInclude Include="TRN4JAVA_Basic_Engine_Backend_Remote.h">
      <Filter>Header Files</Filter>
    </ClInclude>
    <ClInclude Include="TRN4JAVA_Basic_Logging.h">
      <Filter>Header Files</Filter>
    </ClInclude>
    <ClInclude Include="TRN4JAVA_Basic_Logging_Severity.h">
      <Filter>Header Files</Filter>
    </ClInclude>
    <ClInclude Include="TRN4JAVA_Basic_Logging_Severity_Debug.h">
      <Filter>Header Files</Filter>
    </ClInclude>
    <ClInclude Include="TRN4JAVA_Basic_Logging_Severity_Error.h">
      <Filter>Header Files</Filter>
    </ClInclude>
    <ClInclude Include="TRN4JAVA_Basic_Logging_Severity_Information.h">
      <Filter>Header Files</Filter>
    </ClInclude>
    <ClInclude Include="TRN4JAVA_Basic_Logging_Severity_Trace.h">
      <Filter>Header Files</Filter>
    </ClInclude>
    <ClInclude Include="TRN4JAVA_Basic_Logging_Severity_Warning.h">
      <Filter>Header Files</Filter>
    </ClInclude>
    <ClInclude Include="TRN4JAVA_Basic_Simulation.h">
      <Filter>Header Files</Filter>
    </ClInclude>
    <ClInclude Include="TRN4JAVA_Basic_Simulation_Evaluation.h">
      <Filter>Header Files</Filter>
    </ClInclude>
    <ClInclude Include="TRN4JAVA_Basic_Simulation_Evaluation_Identifier.h">
      <Filter>Header Files</Filter>
    </ClInclude>
    <ClInclude Include="TRN4JAVA_Basic_Simulation_Identifier.h">
      <Filter>Header Files</Filter>
    </ClInclude>
    <ClInclude Include="TRN4JAVA_Callbacks.h">
      <Filter>Header Files</Filter>
    </ClInclude>
    <ClInclude Include="TRN4JAVA_Callbacks_Plugin.h">
      <Filter>Header Files</Filter>
    </ClInclude>
    <ClInclude Include="TRN4JAVA_Callbacks_Simulation.h">
      <Filter>Header Files</Filter>
    </ClInclude>
    <ClInclude Include="TRN4JAVA_Callbacks_Simulation_Measurement.h">
      <Filter>Header Files</Filter>
    </ClInclude>
    <ClInclude Include="TRN4JAVA_Callbacks_Simulation_Measurement_Position.h">
      <Filter>Header Files</Filter>
    </ClInclude>
    <ClInclude Include="TRN4JAVA_Callbacks_Simulation_Measurement_Position_FrechetDistance.h">
      <Filter>Header Files</Filter>
    </ClInclude>
    <ClInclude Include="TRN4JAVA_Callbacks_Simulation_Measurement_Position_MeanSquareError.h">
      <Filter>Header Files</Filter>
    </ClInclude>
    <ClInclude Include="TRN4JAVA_Callbacks_Simulation_Measurement_Position_Raw.h">
      <Filter>Header Files</Filter>
    </ClInclude>
    <ClInclude Include="TRN4JAVA_Callbacks_Simulation_Measurement_Processed.h">
      <Filter>Header Files</Filter>
    </ClInclude>
    <ClInclude Include="TRN4JAVA_Callbacks_Simulation_Measurement_Raw.h">
      <Filter>Header Files</Filter>
    </ClInclude>
    <ClInclude Include="TRN4JAVA_Callbacks_Simulation_Measurement_Readout.h">
      <Filter>Header Files</Filter>
    </ClInclude>
    <ClInclude Include="TRN4JAVA_Callbacks_Simulation_Measurement_Readout_FrechetDistance.h">
      <Filter>Header Files</Filter>
    </ClInclude>
    <ClInclude Include="TRN4JAVA_Callbacks_Simulation_Measurement_Readout_MeanSquareError.h">
      <Filter>Header Files</Filter>
    </ClInclude>
    <ClInclude Include="TRN4JAVA_Callbacks_Simulation_Measurement_Readout_Raw.h">
      <Filter>Header Files</Filter>
    </ClInclude>
    <ClInclude Include="TRN4JAVA_Callbacks_Simulation_Recording.h">
      <Filter>Header Files</Filter>
    </ClInclude>
    <ClInclude Include="TRN4JAVA_Callbacks_Simulation_Recording_Performances.h">
      <Filter>Header Files</Filter>
    </ClInclude>
    <ClInclude Include="TRN4JAVA_Callbacks_Simulation_Recording_Scheduling.h">
      <Filter>Header Files</Filter>
    </ClInclude>
    <ClInclude Include="TRN4JAVA_Callbacks_Simulation_Recording_States.h">
      <Filter>Header Files</Filter>
    </ClInclude>
    <ClInclude Include="TRN4JAVA_Callbacks_Simulation_Recording_Weights.h">
      <Filter>Header Files</Filter>
    </ClInclude>
    <ClInclude Include="TRN4JAVA_Custom.h">
      <Filter>Header Files</Filter>
    </ClInclude>
    <ClInclude Include="TRN4JAVA_Custom_Plugin.h">
      <Filter>Header Files</Filter>
    </ClInclude>
    <ClInclude Include="TRN4JAVA_Custom_Simulation.h">
      <Filter>Header Files</Filter>
    </ClInclude>
    <ClInclude Include="TRN4JAVA_Custom_Simulation_Encoder.h">
      <Filter>Header Files</Filter>
    </ClInclude>
    <ClInclude Include="TRN4JAVA_Custom_Simulation_Loop.h">
      <Filter>Header Files</Filter>
    </ClInclude>
    <ClInclude Include="TRN4JAVA_Custom_Simulation_Reservoir.h">
      <Filter>Header Files</Filter>
    </ClInclude>
    <ClInclude Include="TRN4JAVA_Custom_Simulation_Reservoir_Feedforward.h">
      <Filter>Header Files</Filter>
    </ClInclude>
    <ClInclude Include="TRN4JAVA_Custom_Simulation_Reservoir_Readout.h">
      <Filter>Header Files</Filter>
    </ClInclude>
    <ClInclude Include="TRN4JAVA_Custom_Simulation_Reservoir_Recurrent.h">
      <Filter>Header Files</Filter>
    </ClInclude>
    <ClInclude Include="TRN4JAVA_Custom_Simulation_Reservoir_Weights.h">
      <Filter>Header Files</Filter>
    </ClInclude>
    <ClInclude Include="TRN4JAVA_Custom_Simulation_Scheduler.h">
      <Filter>Header Files</Filter>
    </ClInclude>
    <ClInclude Include="TRN4JAVA_Custom_Simulation_Scheduler_Mutator.h">
      <Filter>Header Files</Filter>
    </ClInclude>
    <ClInclude Include="TRN4JAVA_Extended.h">
      <Filter>Header Files</Filter>
    </ClInclude>
    <ClInclude Include="TRN4JAVA_Extended_Engine.h">
      <Filter>Header Files</Filter>
    </ClInclude>
    <ClInclude Include="TRN4JAVA_Extended_Engine_Execution.h">
      <Filter>Header Files</Filter>
    </ClInclude>
    <ClInclude Include="TRN4JAVA_Extended_Simulation.h">
      <Filter>Header Files</Filter>
    </ClInclude>
    <ClInclude Include="TRN4JAVA_Extended_Simulation_Decoder.h">
      <Filter>Header Files</Filter>
    </ClInclude>
    <ClInclude Include="TRN4JAVA_Extended_Simulation_Decoder_Kernel.h">
      <Filter>Header Files</Filter>
    </ClInclude>
    <ClInclude Include="TRN4JAVA_Extended_Simulation_Decoder_Kernel_Map.h">
      <Filter>Header Files</Filter>
    </ClInclude>
    <ClInclude Include="TRN4JAVA_Extended_Simulation_Decoder_Kernel_Model.h">
      <Filter>Header Files</Filter>
    </ClInclude>
    <ClInclude Include="TRN4JAVA_Extended_Simulation_Decoder_Linear.h">
      <Filter>Header Files</Filter>
    </ClInclude>
    <ClInclude Include="TRN4JAVA_Extended_Simulation_Encoder.h">
      <Filter>Header Files</Filter>
    </ClInclude>
    <ClInclude Include="TRN4JAVA_Extended_Simulation_Encoder_Custom.h">
      <Filter>Header Files</Filter>
    </ClInclude>
    <ClInclude Include="TRN4JAVA_Extended_Simulation_Encoder_Model.h">
      <Filter>Header Files</Filter>
    </ClInclude>
    <ClInclude Include="TRN4JAVA_Extended_Simulation_Loop.h">
      <Filter>Header Files</Filter>
    </ClInclude>
    <ClInclude Include="TRN4JAVA_Extended_Simulation_Loop_Copy.h">
      <Filter>Header Files</Filter>
    </ClInclude>
    <ClInclude Include="TRN4JAVA_Extended_Simulation_Loop_Custom.h">
      <Filter>Header Files</Filter>
    </ClInclude>
    <ClInclude Include="TRN4JAVA_Extended_Simulation_Loop_SpatialFilter.h">
      <Filter>Header Files</Filter>
    </ClInclude>
    <ClInclude Include="TRN4JAVA_Extended_Simulation_Measurement.h">
      <Filter>Header Files</Filter>
    </ClInclude>
    <ClInclude Include="TRN4JAVA_Extended_Simulation_Measurement_Position.h">
      <Filter>Header Files</Filter>
    </ClInclude>
    <ClInclude Include="TRN4JAVA_Extended_Simulation_Measurement_Position_FrechetDistance.h">
      <Filter>Header Files</Filter>
    </ClInclude>
    <ClInclude Include="TRN4JAVA_Extended_Simulation_Measurement_Position_MeanSquareError.h">
      <Filter>Header Files</Filter>
    </ClInclude>
    <ClInclude Include="TRN4JAVA_Extended_Simulation_Measurement_Position_Raw.h">
      <Filter>Header Files</Filter>
    </ClInclude>
    <ClInclude Include="TRN4JAVA_Extended_Simulation_Measurement_Readout.h">
      <Filter>Header Files</Filter>
    </ClInclude>
    <ClInclude Include="TRN4JAVA_Extended_Simulation_Measurement_Readout_FrechetDistance.h">
      <Filter>Header Files</Filter>
    </ClInclude>
    <ClInclude Include="TRN4JAVA_Extended_Simulation_Measurement_Readout_MeanSquareError.h">
      <Filter>Header Files</Filter>
    </ClInclude>
    <ClInclude Include="TRN4JAVA_Extended_Simulation_Measurement_Readout_Raw.h">
      <Filter>Header Files</Filter>
    </ClInclude>
    <ClInclude Include="TRN4JAVA_Extended_Simulation_Recording.h">
      <Filter>Header Files</Filter>
    </ClInclude>
    <ClInclude Include="TRN4JAVA_Extended_Simulation_Recording_Performances.h">
      <Filter>Header Files</Filter>
    </ClInclude>
    <ClInclude Include="TRN4JAVA_Extended_Simulation_Recording_Scheduling.h">
      <Filter>Header Files</Filter>
    </ClInclude>
    <ClInclude Include="TRN4JAVA_Extended_Simulation_Recording_States.h">
      <Filter>Header Files</Filter>
    </ClInclude>
    <ClInclude Include="TRN4JAVA_Extended_Simulation_Recording_Weights.h">
      <Filter>Header Files</Filter>
    </ClInclude>
    <ClInclude Include="TRN4JAVA_Extended_Simulation_Reservoir.h">
      <Filter>Header Files</Filter>
    </ClInclude>
    <ClInclude Include="TRN4JAVA_Extended_Simulation_Reservoir_Weights.h">
      <Filter>Header Files</Filter>
    </ClInclude>
    <ClInclude Include="TRN4JAVA_Extended_Simulation_Reservoir_Weights_Feedforward.h">
      <Filter>Header Files</Filter>
    </ClInclude>
    <ClInclude Include="TRN4JAVA_Extended_Simulation_Reservoir_Weights_Feedforward_Custom.h">
      <Filter>Header Files</Filter>
    </ClInclude>
    <ClInclude Include="TRN4JAVA_Extended_Simulation_Reservoir_Weights_Feedforward_Gaussian.h">
      <Filter>Header Files</Filter>
    </ClInclude>
    <ClInclude Include="TRN4JAVA_Extended_Simulation_Reservoir_Weights_Feedforward_Uniform.h">
      <Filter>Header Files</Filter>
    </ClInclude>
    <ClInclude Include="TRN4JAVA_Extended_Simulation_Reservoir_Weights_Readout.h">
      <Filter>Header Files</Filter>
    </ClInclude>
    <ClInclude Include="TRN4JAVA_Extended_Simulation_Reservoir_Weights_Readout_Custom.h">
      <Filter>Header Files</Filter>
    </ClInclude>
    <ClInclude Include="TRN4JAVA_Extended_Simulation_Reservoir_Weights_Readout_Gaussian.h">
      <Filter>Header Files</Filter>
    </ClInclude>
    <ClInclude Include="TRN4JAVA_Extended_Simulation_Reservoir_Weights_Readout_Uniform.h">
      <Filter>Header Files</Filter>
    </ClInclude>
    <ClInclude Include="TRN4JAVA_Extended_Simulation_Reservoir_Weights_Recurrent.h">
      <Filter>Header Files</Filter>
    </ClInclude>
    <ClInclude Include="TRN4JAVA_Extended_Simulation_Reservoir_Weights_Recurrent_Custom.h">
      <Filter>Header Files</Filter>
    </ClInclude>
    <ClInclude Include="TRN4JAVA_Extended_Simulation_Reservoir_Weights_Recurrent_Gaussian.h">
      <Filter>Header Files</Filter>
    </ClInclude>
    <ClInclude Include="TRN4JAVA_Extended_Simulation_Reservoir_Weights_Recurrent_Uniform.h">
      <Filter>Header Files</Filter>
    </ClInclude>
    <ClInclude Include="TRN4JAVA_Extended_Simulation_Reservoir_WidrowHoff.h">
      <Filter>Header Files</Filter>
    </ClInclude>
    <ClInclude Include="TRN4JAVA_Extended_Simulation_Scheduler.h">
      <Filter>Header Files</Filter>
    </ClInclude>
    <ClInclude Include="TRN4JAVA_Extended_Simulation_Scheduler_Custom.h">
      <Filter>Header Files</Filter>
    </ClInclude>
    <ClInclude Include="TRN4JAVA_Extended_Simulation_Scheduler_Mutator.h">
      <Filter>Header Files</Filter>
    </ClInclude>
    <ClInclude Include="TRN4JAVA_Extended_Simulation_Scheduler_Mutator_Custom.h">
      <Filter>Header Files</Filter>
    </ClInclude>
    <ClInclude Include="TRN4JAVA_Extended_Simulation_Scheduler_Mutator_Reverse.h">
      <Filter>Header Files</Filter>
    </ClInclude>
    <ClInclude Include="TRN4JAVA_Extended_Simulation_Scheduler_Mutator_Shuffle.h">
      <Filter>Header Files</Filter>
    </ClInclude>
    <ClInclude Include="TRN4JAVA_Extended_Simulation_Scheduler_Snippets.h">
      <Filter>Header Files</Filter>
    </ClInclude>
    <ClInclude Include="TRN4JAVA_Extended_Simulation_Scheduler_Tiled.h">
      <Filter>Header Files</Filter>
    </ClInclude>
    <ClInclude Include="TRN4JAVA_Sequences.h">
      <Filter>Header Files</Filter>
    </ClInclude>
    <ClInclude Include="TRN4JAVA_Sequences_Plugin.h">
      <Filter>Header Files</Filter>
    </ClInclude>
    <ClInclude Include="TRN4JAVA_Simplified.h">
      <Filter>Header Files</Filter>
    </ClInclude>
    <ClInclude Include="TRN4JAVA_Simplified_Simulation.h">
      <Filter>Header Files</Filter>
    </ClInclude>
  </ItemGroup>
  <ItemGroup>
    <ClInclude Include="trn4java_global.h">
      <Filter>Header Files</Filter>
    </ClInclude>
  </ItemGroup>
  <ItemGroup>
    <None Include="TRN4JAVA\Callbacks.java">
      <Filter>Source Files\Java</Filter>
    </None>
    <None Include="TRN4JAVA\Extended.java">
      <Filter>Source Files\Java</Filter>
    </None>
    <None Include="TRN4JAVA\Custom.java">
      <Filter>Source Files\Java</Filter>
    </None>
    <None Include="TRN4JAVA\Simplified.java">
      <Filter>Source Files\Java</Filter>
    </None>
    <None Include="TRN4JAVA\Advanced.java">
      <Filter>Source Files\Java</Filter>
    </None>
    <None Include="TRN4JAVA\Basic.java">
      <Filter>Source Files\Java</Filter>
    </None>
    <None Include="TRN4JAVA\Sequences.java">
      <Filter>Source Files\Java</Filter>
    </None>
  </ItemGroup>
</Project>